{
  "version": 4,
  "terraform_version": "1.7.4",
  "serial": 24,
  "lineage": "d9bdca14-d908-9529-131f-d15b86625ebf",
  "outputs": {},
  "resources": [
    {
      "mode": "managed",
      "type": "yandex_compute_disk",
      "name": "boot-disk-1",
      "provider": "provider[\"registry.terraform.io/yandex-cloud/yandex\"]",
      "instances": [
        {
          "schema_version": 0,
          "attributes": {
            "allow_recreate": null,
            "block_size": 4096,
            "created_at": "2024-02-27T21:23:02Z",
            "description": "",
            "disk_placement_policy": [
              {
                "disk_placement_group_id": ""
              }
            ],
            "folder_id": "b1gbcodjjg7trrj12ffj",
            "id": "epddjk2prid89tjg5gnr",
            "image_id": "",
            "labels": null,
            "name": "boot-disk-1",
            "product_ids": [],
            "size": 8,
            "snapshot_id": "",
            "status": "ready",
            "timeouts": null,
            "type": "network-hdd",
            "zone": "ru-central1-b"
          },
          "sensitive_attributes": [],
          "private": "eyJlMmJmYjczMC1lY2FhLTExZTYtOGY4OC0zNDM2M2JjN2M0YzAiOnsiY3JlYXRlIjozMDAwMDAwMDAwMDAsImRlbGV0ZSI6MzAwMDAwMDAwMDAwLCJ1cGRhdGUiOjMwMDAwMDAwMDAwMH19"
        }
      ]
    },
    {
      "mode": "managed",
      "type": "yandex_compute_instance",
      "name": "vm-1",
      "provider": "provider[\"registry.terraform.io/yandex-cloud/yandex\"]",
      "instances": [
        {
          "schema_version": 1,
          "attributes": {
            "allow_recreate": null,
            "allow_stopping_for_update": null,
            "boot_disk": [
              {
                "auto_delete": true,
                "device_name": "epddjk2prid89tjg5gnr",
                "disk_id": "epddjk2prid89tjg5gnr",
                "initialize_params": [
                  {
                    "block_size": 4096,
                    "description": "",
                    "image_id": "",
                    "name": "boot-disk-1",
                    "size": 8,
                    "snapshot_id": "",
                    "type": "network-hdd"
                  }
                ],
                "mode": "READ_WRITE"
              }
            ],
            "created_at": "2024-02-27T21:23:13Z",
            "description": "",
            "filesystem": [],
            "folder_id": "b1gbcodjjg7trrj12ffj",
            "fqdn": "epdeakbt5as0p03lncrm.auto.internal",
            "gpu_cluster_id": "",
            "hostname": "",
            "id": "epdeakbt5as0p03lncrm",
            "labels": null,
            "local_disk": [],
            "maintenance_grace_period": "",
            "maintenance_policy": null,
            "metadata": {
              "ssh-keys": "ubuntu:ssh-rsa AAAAB3NzaC1yc2EAAAADAQABAAACAQDBg3eKI2ayieXPbPMWRYC0ux5A3FIiDQNYjPp7lj3+vIkXZcYHfH1ZapzLHfnw6pcUlx19cpJb8LiwFpVGkvFAySCHxOzykpRX+4BhCov4x3ayTT74n7u2z+NuWD9ioYxN/SmQE8gCoHvjtHvDUTitUnOiphgYONx/GNUfZicyML1IIry0YCbV8hi/JrgAKSeIu0E88L5cXNTqNPHutNOdy0J3ICWq4qE/l0TuKuQ4KmVcVRWGtrwGhLxf0siCTPH9+khzQ1o5fMGpAENtFggGLiICCRHS3wNlxd0Pv1jLS2msQhTt3wHGO2nrbads0x/RItmO8F9HeaB+KM2Z7erVzuQPuibpmfRTQLg4KkvzKVlOt+pl7TRc+0NOH/0+0naFyTg1TST/jtKSXEvraKhs/MDXhEn1LvR2/a2Q0c4C/KOvVwQweXaXFvbu+TPcQdqCH4bc9+pijJne6SRyo86Qhfv0n+PZw83B+aKThmSQHY8YDidVNME6PVLt9VrXJ42/k4uVdLjvEPzkmecodBWeVjSfepiQK1mxWKOHiEeoC/+drFHOTuPKbjtBfvzpY9wHU9cDrpWOLA4x71f/VLwrSt1GdNVWeNKte9vmEB8NVSusJ0zBl+9hJSnq9GB+oImv/x1Ug7AWaaRIm5s7JMmECtDbxaPBSmjs5mgwY9s+KQ== rybolovlev.grisha@gmail.com\n"
            },
            "metadata_options": [
              {
                "aws_v1_http_endpoint": 1,
                "aws_v1_http_token": 2,
                "gce_http_endpoint": 1,
                "gce_http_token": 1
              }
            ],
            "name": "terraform1",
            "network_acceleration_type": "standard",
            "network_interface": [
              {
                "dns_record": [],
                "index": 0,
                "ip_address": "192.168.10.25",
                "ipv4": true,
                "ipv6": false,
                "ipv6_address": "",
                "ipv6_dns_record": [],
                "mac_address": "d0:0d:e5:51:7d:2a",
                "nat": true,
                "nat_dns_record": [],
                "nat_ip_address": "51.250.97.227",
                "nat_ip_version": "IPV4",
                "security_group_ids": [],
                "subnet_id": "e2lhkub2l2kpfpj5c1r4"
              }
            ],
            "placement_policy": [
              {
                "host_affinity_rules": [],
                "placement_group_id": "",
                "placement_group_partition": 0
              }
            ],
            "platform_id": "standard-v1",
            "resources": [
              {
                "core_fraction": 100,
                "cores": 2,
                "gpus": 0,
                "memory": 2
              }
            ],
            "scheduling_policy": [
              {
                "preemptible": false
              }
            ],
            "secondary_disk": [],
            "service_account_id": "",
            "status": "running",
            "timeouts": null,
            "zone": "ru-central1-b"
          },
          "sensitive_attributes": [],
          "private": "eyJlMmJmYjczMC1lY2FhLTExZTYtOGY4OC0zNDM2M2JjN2M0YzAiOnsiY3JlYXRlIjozMDAwMDAwMDAwMDAsImRlbGV0ZSI6MzAwMDAwMDAwMDAwLCJ1cGRhdGUiOjMwMDAwMDAwMDAwMH0sInNjaGVtYV92ZXJzaW9uIjoiMSJ9",
          "dependencies": [
            "yandex_compute_disk.boot-disk-1",
            "yandex_vpc_network.network-1",
            "yandex_vpc_subnet.subnet-1"
          ]
        }
      ]
    },
    {
      "mode": "managed",
      "type": "yandex_vpc_network",
      "name": "network-1",
      "provider": "provider[\"registry.terraform.io/yandex-cloud/yandex\"]",
      "instances": [
        {
          "schema_version": 0,
          "attributes": {
            "created_at": "2024-02-27T21:23:02Z",
            "default_security_group_id": "enpbnvpbgrhl7mjdak5l",
            "description": "",
            "folder_id": "b1gbcodjjg7trrj12ffj",
            "id": "enpica7k9c91pqj729ia",
            "labels": {},
            "name": "network1",
            "subnet_ids": [],
            "timeouts": null
          },
          "sensitive_attributes": [],
          "private": "eyJlMmJmYjczMC1lY2FhLTExZTYtOGY4OC0zNDM2M2JjN2M0YzAiOnsiY3JlYXRlIjo2MDAwMDAwMDAwMCwiZGVsZXRlIjo2MDAwMDAwMDAwMCwidXBkYXRlIjo2MDAwMDAwMDAwMH19"
        }
      ]
    },
    {
      "mode": "managed",
      "type": "yandex_vpc_subnet",
      "name": "subnet-1",
      "provider": "provider[\"registry.terraform.io/yandex-cloud/yandex\"]",
      "instances": [
        {
          "schema_version": 0,
          "attributes": {
            "created_at": "2024-02-27T21:23:05Z",
            "description": "",
            "dhcp_options": [],
            "folder_id": "b1gbcodjjg7trrj12ffj",
            "id": "e2lhkub2l2kpfpj5c1r4",
            "labels": {},
            "name": "subnet1",
            "network_id": "enpica7k9c91pqj729ia",
            "route_table_id": "",
            "timeouts": null,
            "v4_cidr_blocks": [
              "192.168.10.0/24"
            ],
            "v6_cidr_blocks": [],
            "zone": "ru-central1-b"
          },
          "sensitive_attributes": [],
          "private": "eyJlMmJmYjczMC1lY2FhLTExZTYtOGY4OC0zNDM2M2JjN2M0YzAiOnsiY3JlYXRlIjoxODAwMDAwMDAwMDAsImRlbGV0ZSI6MTgwMDAwMDAwMDAwLCJ1cGRhdGUiOjE4MDAwMDAwMDAwMH19",
          "dependencies": [
            "yandex_vpc_network.network-1"
          ]
        }
      ]
    }
  ],
  "check_results": null
}
