{
    "_meta": {
        "hash": {
            "sha256": "681cf285a0f726a94a3bbb56aec3ac1574d2cef31d86aebd208c8f7ce19bb608"
        },
        "pipfile-spec": 6,
        "requires": {
            "python_version": "3.12"
        },
        "sources": [
            {
                "name": "pypi",
                "url": "https://pypi.org/simple",
                "verify_ssl": true
            }
        ]
    },
    "default": {
        "annotated-types": {
            "hashes": [
                "sha256:0641064de18ba7a25dee8f96403ebc39113d0cb953a01429249d5c7564666a43",
                "sha256:563339e807e53ffd9c267e99fc6d9ea23eb8443c08f112651963e24e22f84a5d"
            ],
            "markers": "python_version >= '3.8'",
            "version": "==0.6.0"
        },
        "anyio": {
            "hashes": [
                "sha256:048e05d0f6caeed70d731f3db756d35dcc1f35747c8c403364a8332c630441b8",
                "sha256:f75253795a87df48568485fd18cdd2a3fa5c4f7c5be8e5e36637733fce06fed6"
            ],
            "markers": "python_version >= '3.8'",
            "version": "==4.3.0"
        },
        "click": {
            "hashes": [
                "sha256:ae74fb96c20a0277a1d615f1e4d73c8414f5a98db8b799a7931d1582f3390c28",
                "sha256:ca9853ad459e787e2192211578cc907e7594e294c7ccc834310722b41b9ca6de"
            ],
            "markers": "python_version >= '3.7'",
            "version": "==8.1.7"
        },
        "coverage": {
            "hashes": [
                "sha256:006d220ba2e1a45f1de083d5022d4955abb0aedd78904cd5a779b955b019ec73",
                "sha256:06fe398145a2e91edaf1ab4eee66149c6776c6b25b136f4a86fcbbb09512fd10",
                "sha256:175f56572f25e1e1201d2b3e07b71ca4d201bf0b9cb8fad3f1dfae6a4188de86",
                "sha256:18cac867950943fe93d6cd56a67eb7dcd2d4a781a40f4c1e25d6f1ed98721a55",
                "sha256:1a5ee18e3a8d766075ce9314ed1cb695414bae67df6a4b0805f5137d93d6f1cb",
                "sha256:20a875bfd8c282985c4720c32aa05056f77a68e6d8bbc5fe8632c5860ee0b49b",
                "sha256:2412e98e70f16243be41d20836abd5f3f32edef07cbf8f407f1b6e1ceae783ac",
                "sha256:2599972b21911111114100d362aea9e70a88b258400672626efa2b9e2179609c",
                "sha256:2ed37e16cf35c8d6e0b430254574b8edd242a367a1b1531bd1adc99c6a5e00fe",
                "sha256:32b4ab7e6c924f945cbae5392832e93e4ceb81483fd6dc4aa8fb1a97b9d3e0e1",
                "sha256:34423abbaad70fea9d0164add189eabaea679068ebdf693baa5c02d03e7db244",
                "sha256:3507427d83fa961cbd73f11140f4a5ce84208d31756f7238d6257b2d3d868405",
                "sha256:3733545eb294e5ad274abe131d1e7e7de4ba17a144505c12feca48803fea5f64",
                "sha256:3ff5bdb08d8938d336ce4088ca1a1e4b6c8cd3bef8bb3a4c0eb2f37406e49643",
                "sha256:3ff7f92ae5a456101ca8f48387fd3c56eb96353588e686286f50633a611afc95",
                "sha256:42a9e754aa250fe61f0f99986399cec086d7e7a01dd82fd863a20af34cbce962",
                "sha256:51593a1f05c39332f623d64d910445fdec3d2ac2d96b37ce7f331882d5678ddf",
                "sha256:5b11f9c6587668e495cc7365f85c93bed34c3a81f9f08b0920b87a89acc13469",
                "sha256:69f1665165ba2fe7614e2f0c1aed71e14d83510bf67e2ee13df467d1c08bf1e8",
                "sha256:78cdcbf7b9cb83fe047ee09298e25b1cd1636824067166dc97ad0543b079d22f",
                "sha256:7df95fdd1432a5d2675ce630fef5f239939e2b3610fe2f2b5bf21fa505256fa3",
                "sha256:81a5fb41b0d24447a47543b749adc34d45a2cf77b48ca74e5bf3de60a7bd9edc",
                "sha256:840456cb1067dc350af9080298c7c2cfdddcedc1cb1e0b30dceecdaf7be1a2d3",
                "sha256:8562ca91e8c40864942615b1d0b12289d3e745e6b2da901d133f52f2d510a1e3",
                "sha256:861d75402269ffda0b33af94694b8e0703563116b04c681b1832903fac8fd647",
                "sha256:8b98c89db1b150d851a7840142d60d01d07677a18f0f46836e691c38134ed18b",
                "sha256:a178b7b1ac0f1530bb28d2e51f88c0bab3e5949835851a60dda80bff6052510c",
                "sha256:a8ddbd158e069dded57738ea69b9744525181e99974c899b39f75b2b29a624e2",
                "sha256:ac4bab32f396b03ebecfcf2971668da9275b3bb5f81b3b6ba96622f4ef3f6e17",
                "sha256:ac9e95cefcf044c98d4e2c829cd0669918585755dd9a92e28a1a7012322d0a95",
                "sha256:adbdfcda2469d188d79771d5696dc54fab98a16d2ef7e0875013b5f56a251047",
                "sha256:b3c8bbb95a699c80a167478478efe5e09ad31680931ec280bf2087905e3b95ec",
                "sha256:b3f2b1eb229f23c82898eedfc3296137cf1f16bb145ceab3edfd17cbde273fb7",
                "sha256:b4ae777bebaed89e3a7e80c4a03fac434a98a8abb5251b2a957d38fe3fd30088",
                "sha256:b953275d4edfab6cc0ed7139fa773dfb89e81fee1569a932f6020ce7c6da0e8f",
                "sha256:bf54c3e089179d9d23900e3efc86d46e4431188d9a657f345410eecdd0151f50",
                "sha256:bf711d517e21fb5bc429f5c4308fbc430a8585ff2a43e88540264ae87871e36a",
                "sha256:c00e54f0bd258ab25e7f731ca1d5144b0bf7bec0051abccd2bdcff65fa3262c9",
                "sha256:c11ca2df2206a4e3e4c4567f52594637392ed05d7c7fb73b4ea1c658ba560265",
                "sha256:c5f9683be6a5b19cd776ee4e2f2ffb411424819c69afab6b2db3a0a364ec6642",
                "sha256:cf89ab85027427d351f1de918aff4b43f4eb5f33aff6835ed30322a86ac29c9e",
                "sha256:d1b750a8409bec61caa7824bfd64a8074b6d2d420433f64c161a8335796c7c6b",
                "sha256:d779a48fac416387dd5673fc5b2d6bd903ed903faaa3247dc1865c65eaa5a93e",
                "sha256:d9a1ef0f173e1a19738f154fb3644f90d0ada56fe6c9b422f992b04266c55d5a",
                "sha256:ddb79414c15c6f03f56cc68fa06994f047cf20207c31b5dad3f6bab54a0f66ef",
                "sha256:ef00d31b7569ed3cb2036f26565f1984b9fc08541731ce01012b02a4c238bf03",
                "sha256:f40ac873045db4fd98a6f40387d242bde2708a3f8167bd967ccd43ad46394ba2",
                "sha256:f593a4a90118d99014517c2679e04a4ef5aee2d81aa05c26c734d271065efcb6",
                "sha256:f5df76c58977bc35a49515b2fbba84a1d952ff0ec784a4070334dfbec28a2def",
                "sha256:f72cdd2586f9a769570d4b5714a3837b3a59a53b096bb954f1811f6a0afad305",
                "sha256:f8e845d894e39fb53834da826078f6dc1a933b32b1478cf437007367efaf6f6a",
                "sha256:fe6e43c8b510719b48af7db9631b5fbac910ade4bd90e6378c85ac5ac706382c"
            ],
            "index": "pypi",
            "markers": "python_version >= '3.8'",
            "version": "==7.4.2"
        },
        "fastapi": {
            "hashes": [
                "sha256:2c9bab24667293b501cad8dd388c05240c850b58ec5876ee3283c47d6e1e3a4d",
                "sha256:f3817eac96fe4f65a2ebb4baa000f394e55f5fccdaf7f75250804bc58f354f73"
            ],
            "index": "pypi",
            "markers": "python_version >= '3.8'",
            "version": "==0.109.2"
        },
        "h11": {
            "hashes": [
                "sha256:8f19fbbe99e72420ff35c00b27a34cb9937e902a8b810e2c88300c6f0a3b699d",
                "sha256:e3fe4ac4b851c468cc8363d500db52c2ead036020723024a109d37346efaa761"
            ],
            "markers": "python_version >= '3.7'",
            "version": "==0.14.0"
        },
        "idna": {
            "hashes": [
                "sha256:9ecdbbd083b06798ae1e86adcbfe8ab1479cf864e4ee30fe4e46a003d12491ca",
                "sha256:c05567e9c24a6b9faaa835c4821bad0590fbb9d5779e7caa6e1cc4978e7eb24f"
            ],
            "markers": "python_version >= '3.5'",
            "version": "==3.6"
        },
        "pydantic": {
            "hashes": [
                "sha256:0b6a909df3192245cb736509a92ff69e4fef76116feffec68e93a567347bae6f",
                "sha256:4fd5c182a2488dc63e6d32737ff19937888001e2a6d86e94b3f233104a5d1fa9"
            ],
            "markers": "python_version >= '3.8'",
            "version": "==2.6.1"
        },
        "pydantic-core": {
            "hashes": [
                "sha256:02906e7306cb8c5901a1feb61f9ab5e5c690dbbeaa04d84c1b9ae2a01ebe9379",
                "sha256:0ba503850d8b8dcc18391f10de896ae51d37fe5fe43dbfb6a35c5c5cad271a06",
                "sha256:16aa02e7a0f539098e215fc193c8926c897175d64c7926d00a36188917717a05",
                "sha256:18de31781cdc7e7b28678df7c2d7882f9692ad060bc6ee3c94eb15a5d733f8f7",
                "sha256:22c5f022799f3cd6741e24f0443ead92ef42be93ffda0d29b2597208c94c3753",
                "sha256:2924b89b16420712e9bb8192396026a8fbd6d8726224f918353ac19c4c043d2a",
                "sha256:308974fdf98046db28440eb3377abba274808bf66262e042c412eb2adf852731",
                "sha256:396fdf88b1b503c9c59c84a08b6833ec0c3b5ad1a83230252a9e17b7dfb4cffc",
                "sha256:3ac426704840877a285d03a445e162eb258924f014e2f074e209d9b4ff7bf380",
                "sha256:3b052c753c4babf2d1edc034c97851f867c87d6f3ea63a12e2700f159f5c41c3",
                "sha256:3fab4e75b8c525a4776e7630b9ee48aea50107fea6ca9f593c98da3f4d11bf7c",
                "sha256:406fac1d09edc613020ce9cf3f2ccf1a1b2f57ab00552b4c18e3d5276c67eb11",
                "sha256:40a0bd0bed96dae5712dab2aba7d334a6c67cbcac2ddfca7dbcc4a8176445990",
                "sha256:41dac3b9fce187a25c6253ec79a3f9e2a7e761eb08690e90415069ea4a68ff7a",
                "sha256:459c0d338cc55d099798618f714b21b7ece17eb1a87879f2da20a3ff4c7628e2",
                "sha256:459d6be6134ce3b38e0ef76f8a672924460c455d45f1ad8fdade36796df1ddc8",
                "sha256:46b0d5520dbcafea9a8645a8164658777686c5c524d381d983317d29687cce97",
                "sha256:47924039e785a04d4a4fa49455e51b4eb3422d6eaacfde9fc9abf8fdef164e8a",
                "sha256:4bfcbde6e06c56b30668a0c872d75a7ef3025dc3c1823a13cf29a0e9b33f67e8",
                "sha256:4f9ee4febb249c591d07b2d4dd36ebcad0ccd128962aaa1801508320896575ef",
                "sha256:55749f745ebf154c0d63d46c8c58594d8894b161928aa41adbb0709c1fe78b77",
                "sha256:5864b0242f74b9dd0b78fd39db1768bc3f00d1ffc14e596fd3e3f2ce43436a33",
                "sha256:5f60f920691a620b03082692c378661947d09415743e437a7478c309eb0e4f82",
                "sha256:60eb8ceaa40a41540b9acae6ae7c1f0a67d233c40dc4359c256ad2ad85bdf5e5",
                "sha256:69a7b96b59322a81c2203be537957313b07dd333105b73db0b69212c7d867b4b",
                "sha256:6ad84731a26bcfb299f9eab56c7932d46f9cad51c52768cace09e92a19e4cf55",
                "sha256:6db58c22ac6c81aeac33912fb1af0e930bc9774166cdd56eade913d5f2fff35e",
                "sha256:70651ff6e663428cea902dac297066d5c6e5423fda345a4ca62430575364d62b",
                "sha256:72f7919af5de5ecfaf1eba47bf9a5d8aa089a3340277276e5636d16ee97614d7",
                "sha256:732bd062c9e5d9582a30e8751461c1917dd1ccbdd6cafb032f02c86b20d2e7ec",
                "sha256:7924e54f7ce5d253d6160090ddc6df25ed2feea25bfb3339b424a9dd591688bc",
                "sha256:7afb844041e707ac9ad9acad2188a90bffce2c770e6dc2318be0c9916aef1469",
                "sha256:7b883af50eaa6bb3299780651e5be921e88050ccf00e3e583b1e92020333304b",
                "sha256:7beec26729d496a12fd23cf8da9944ee338c8b8a17035a560b585c36fe81af20",
                "sha256:7bf26c2e2ea59d32807081ad51968133af3025c4ba5753e6a794683d2c91bf6e",
                "sha256:7c31669e0c8cc68400ef0c730c3a1e11317ba76b892deeefaf52dcb41d56ed5d",
                "sha256:7e6231aa5bdacda78e96ad7b07d0c312f34ba35d717115f4b4bff6cb87224f0f",
                "sha256:870dbfa94de9b8866b37b867a2cb37a60c401d9deb4a9ea392abf11a1f98037b",
                "sha256:88646cae28eb1dd5cd1e09605680c2b043b64d7481cdad7f5003ebef401a3039",
                "sha256:8aafeedb6597a163a9c9727d8a8bd363a93277701b7bfd2749fbefee2396469e",
                "sha256:8bde5b48c65b8e807409e6f20baee5d2cd880e0fad00b1a811ebc43e39a00ab2",
                "sha256:8f9142a6ed83d90c94a3efd7af8873bf7cefed2d3d44387bf848888482e2d25f",
                "sha256:936a787f83db1f2115ee829dd615c4f684ee48ac4de5779ab4300994d8af325b",
                "sha256:98dc6f4f2095fc7ad277782a7c2c88296badcad92316b5a6e530930b1d475ebc",
                "sha256:9957433c3a1b67bdd4c63717eaf174ebb749510d5ea612cd4e83f2d9142f3fc8",
                "sha256:99af961d72ac731aae2a1b55ccbdae0733d816f8bfb97b41909e143de735f522",
                "sha256:9b5f13857da99325dcabe1cc4e9e6a3d7b2e2c726248ba5dd4be3e8e4a0b6d0e",
                "sha256:9d776d30cde7e541b8180103c3f294ef7c1862fd45d81738d156d00551005784",
                "sha256:9da90d393a8227d717c19f5397688a38635afec89f2e2d7af0df037f3249c39a",
                "sha256:a3b7352b48fbc8b446b75f3069124e87f599d25afb8baa96a550256c031bb890",
                "sha256:a477932664d9611d7a0816cc3c0eb1f8856f8a42435488280dfbf4395e141485",
                "sha256:a7e41e3ada4cca5f22b478c08e973c930e5e6c7ba3588fb8e35f2398cdcc1545",
                "sha256:a90fec23b4b05a09ad988e7a4f4e081711a90eb2a55b9c984d8b74597599180f",
                "sha256:a9e523474998fb33f7c1a4d55f5504c908d57add624599e095c20fa575b8d943",
                "sha256:aa057095f621dad24a1e906747179a69780ef45cc8f69e97463692adbcdae878",
                "sha256:aa6c8c582036275997a733427b88031a32ffa5dfc3124dc25a730658c47a572f",
                "sha256:ae34418b6b389d601b31153b84dce480351a352e0bb763684a1b993d6be30f17",
                "sha256:b0d7a9165167269758145756db43a133608a531b1e5bb6a626b9ee24bc38a8f7",
                "sha256:b30b0dd58a4509c3bd7eefddf6338565c4905406aee0c6e4a5293841411a1286",
                "sha256:b8f9186ca45aee030dc8234118b9c0784ad91a0bb27fc4e7d9d6608a5e3d386c",
                "sha256:b94cbda27267423411c928208e89adddf2ea5dd5f74b9528513f0358bba019cb",
                "sha256:cc6f6c9be0ab6da37bc77c2dda5f14b1d532d5dbef00311ee6e13357a418e646",
                "sha256:ce232a6170dd6532096cadbf6185271e4e8c70fc9217ebe105923ac105da9978",
                "sha256:cf903310a34e14651c9de056fcc12ce090560864d5a2bb0174b971685684e1d8",
                "sha256:d5362d099c244a2d2f9659fb3c9db7c735f0004765bbe06b99be69fbd87c3f15",
                "sha256:dffaf740fe2e147fedcb6b561353a16243e654f7fe8e701b1b9db148242e1272",
                "sha256:e0f686549e32ccdb02ae6f25eee40cc33900910085de6aa3790effd391ae10c2",
                "sha256:e4b52776a2e3230f4854907a1e0946eec04d41b1fc64069ee774876bbe0eab55",
                "sha256:e4ba0884a91f1aecce75202473ab138724aa4fb26d7707f2e1fa6c3e68c84fbf",
                "sha256:e6294e76b0380bb7a61eb8a39273c40b20beb35e8c87ee101062834ced19c545",
                "sha256:ebb892ed8599b23fa8f1799e13a12c87a97a6c9d0f497525ce9858564c4575a4",
                "sha256:eca58e319f4fd6df004762419612122b2c7e7d95ffafc37e890252f869f3fb2a",
                "sha256:ed957db4c33bc99895f3a1672eca7e80e8cda8bd1e29a80536b4ec2153fa9804",
                "sha256:ef551c053692b1e39e3f7950ce2296536728871110e7d75c4e7753fb30ca87f4",
                "sha256:ef6113cd31411eaf9b39fc5a8848e71c72656fd418882488598758b2c8c6dfa0",
                "sha256:f685dbc1fdadb1dcd5b5e51e0a378d4685a891b2ddaf8e2bba89bd3a7144e44a",
                "sha256:f8ed79883b4328b7f0bd142733d99c8e6b22703e908ec63d930b06be3a0e7113",
                "sha256:fe56851c3f1d6f5384b3051c536cc81b3a93a73faf931f404fef95217cf1e10d",
                "sha256:ff7c97eb7a29aba230389a2661edf2e9e06ce616c7e35aa764879b6894a44b25"
            ],
            "markers": "python_version >= '3.8'",
            "version": "==2.16.2"
        },
        "pytz": {
            "hashes": [
                "sha256:2a29735ea9c18baf14b448846bde5a48030ed267578472d8955cd0e7443a9812",
                "sha256:328171f4e3623139da4983451950b28e95ac706e13f3f2630a879749e7a8b319"
            ],
            "index": "pypi",
            "version": "==2024.1"
        },
        "sniffio": {
            "hashes": [
                "sha256:e60305c5e5d314f5389259b7f22aaa33d8f7dee49763119234af3755c55b9101",
                "sha256:eecefdce1e5bbfb7ad2eeaabf7c1eeb404d7757c379bd1f7e5cce9d8bf425384"
            ],
            "markers": "python_version >= '3.7'",
            "version": "==1.3.0"
        },
        "starlette": {
            "hashes": [
                "sha256:13d429aa93a61dc40bf503e8c801db1f1bca3dc706b10ef2434a36123568f044",
                "sha256:90a671733cfb35771d8cc605e0b679d23b992f8dcfad48cc60b38cb29aeb7080"
            ],
            "index": "pypi",
            "markers": "python_version >= '3.8'",
            "version": "==0.36.3"
        },
        "typing-extensions": {
            "hashes": [
                "sha256:23478f88c37f27d76ac8aee6c905017a143b0b1b886c3c9f66bc2fd94f9f5783",
                "sha256:af72aea155e91adfc61c3ae9e0e342dbc0cba726d6cba4b6c72c1f34e47291cd"
            ],
            "markers": "python_version >= '3.8'",
            "version": "==4.9.0"
        },
        "uvicorn": {
            "hashes": [
                "sha256:3d9a267296243532db80c83a959a3400502165ade2c1338dea4e67915fd4745a",
                "sha256:5c89da2f3895767472a35556e539fd59f7edbe9b1e9c0e1c99eebeadc61838e4"
            ],
            "index": "pypi",
            "markers": "python_version >= '3.8'",
            "version": "==0.27.1"
        }
    },
    "develop": {
        "anyio": {
            "hashes": [
                "sha256:048e05d0f6caeed70d731f3db756d35dcc1f35747c8c403364a8332c630441b8",
                "sha256:f75253795a87df48568485fd18cdd2a3fa5c4f7c5be8e5e36637733fce06fed6"
            ],
            "markers": "python_version >= '3.8'",
            "version": "==4.3.0"
        },
        "certifi": {
            "hashes": [
                "sha256:0569859f95fc761b18b45ef421b1290a0f65f147e92a1e5eb3e635f9a5e4e66f",
                "sha256:dc383c07b76109f368f6106eee2b593b04a011ea4d55f652c6ca24a754d1cdd1"
            ],
            "markers": "python_version >= '3.6'",
            "version": "==2024.2.2"
        },
        "flake8": {
            "hashes": [
                "sha256:33f96621059e65eec474169085dc92bf26e7b2d47366b70be2f67ab80dc25132",
                "sha256:a6dfbb75e03252917f2473ea9653f7cd799c3064e54d4c8140044c5c065f53c3"
            ],
            "index": "pypi",
            "markers": "python_full_version >= '3.8.1'",
            "version": "==7.0.0"
        },
        "h11": {
            "hashes": [
                "sha256:8f19fbbe99e72420ff35c00b27a34cb9937e902a8b810e2c88300c6f0a3b699d",
                "sha256:e3fe4ac4b851c468cc8363d500db52c2ead036020723024a109d37346efaa761"
            ],
            "markers": "python_version >= '3.7'",
            "version": "==0.14.0"
        },
        "httpcore": {
            "hashes": [
                "sha256:5c0f9546ad17dac4d0772b0808856eb616eb8b48ce94f49ed819fd6982a8a544",
                "sha256:9a6a501c3099307d9fd76ac244e08503427679b1e81ceb1d922485e2f2462ad2"
            ],
            "markers": "python_version >= '3.8'",
            "version": "==1.0.3"
        },
        "httpx": {
            "hashes": [
                "sha256:451b55c30d5185ea6b23c2c793abf9bb237d2a7dfb901ced6ff69ad37ec1dfaf",
                "sha256:8915f5a3627c4d47b73e8202457cb28f1266982d1159bd5779d86a80c0eab1cd"
            ],
            "index": "pypi",
            "markers": "python_version >= '3.8'",
            "version": "==0.26.0"
        },
        "idna": {
            "hashes": [
                "sha256:9ecdbbd083b06798ae1e86adcbfe8ab1479cf864e4ee30fe4e46a003d12491ca",
                "sha256:c05567e9c24a6b9faaa835c4821bad0590fbb9d5779e7caa6e1cc4978e7eb24f"
            ],
            "markers": "python_version >= '3.5'",
            "version": "==3.6"
        },
        "iniconfig": {
            "hashes": [
                "sha256:2d91e135bf72d31a410b17c16da610a82cb55f6b0477d1a902134b24a455b8b3",
                "sha256:b6a85871a79d2e3b22d2d1b94ac2824226a63c6b741c88f7ae975f18b6778374"
            ],
            "markers": "python_version >= '3.7'",
            "version": "==2.0.0"
        },
        "mccabe": {
            "hashes": [
                "sha256:348e0240c33b60bbdf4e523192ef919f28cb2c3d7d5c7794f74009290f236325",
                "sha256:6c2d30ab6be0e4a46919781807b4f0d834ebdd6c6e3dca0bda5a15f863427b6e"
            ],
            "markers": "python_version >= '3.6'",
            "version": "==0.7.0"
        },
        "mypy": {
            "hashes": [
                "sha256:028cf9f2cae89e202d7b6593cd98db6759379f17a319b5faf4f9978d7084cdc6",
                "sha256:2afecd6354bbfb6e0160f4e4ad9ba6e4e003b767dd80d85516e71f2e955ab50d",
                "sha256:2b5b6c721bd4aabaadead3a5e6fa85c11c6c795e0c81a7215776ef8afc66de02",
                "sha256:42419861b43e6962a649068a61f4a4839205a3ef525b858377a960b9e2de6e0d",
                "sha256:42c6680d256ab35637ef88891c6bd02514ccb7e1122133ac96055ff458f93fc3",
                "sha256:485a8942f671120f76afffff70f259e1cd0f0cfe08f81c05d8816d958d4577d3",
                "sha256:4c886c6cce2d070bd7df4ec4a05a13ee20c0aa60cb587e8d1265b6c03cf91da3",
                "sha256:4e6d97288757e1ddba10dd9549ac27982e3e74a49d8d0179fc14d4365c7add66",
                "sha256:4ef4be7baf08a203170f29e89d79064463b7fc7a0908b9d0d5114e8009c3a259",
                "sha256:51720c776d148bad2372ca21ca29256ed483aa9a4cdefefcef49006dff2a6835",
                "sha256:52825b01f5c4c1c4eb0db253ec09c7aa17e1a7304d247c48b6f3599ef40db8bd",
                "sha256:538fd81bb5e430cc1381a443971c0475582ff9f434c16cd46d2c66763ce85d9d",
                "sha256:5c1538c38584029352878a0466f03a8ee7547d7bd9f641f57a0f3017a7c905b8",
                "sha256:6ff8b244d7085a0b425b56d327b480c3b29cafbd2eff27316a004f9a7391ae07",
                "sha256:7178def594014aa6c35a8ff411cf37d682f428b3b5617ca79029d8ae72f5402b",
                "sha256:720a5ca70e136b675af3af63db533c1c8c9181314d207568bbe79051f122669e",
                "sha256:7f1478736fcebb90f97e40aff11a5f253af890c845ee0c850fe80aa060a267c6",
                "sha256:855fe27b80375e5c5878492f0729540db47b186509c98dae341254c8f45f42ae",
                "sha256:8963b83d53ee733a6e4196954502b33567ad07dfd74851f32be18eb932fb1cb9",
                "sha256:9261ed810972061388918c83c3f5cd46079d875026ba97380f3e3978a72f503d",
                "sha256:99b00bc72855812a60d253420d8a2eae839b0afa4938f09f4d2aa9bb4654263a",
                "sha256:ab3c84fa13c04aeeeabb2a7f67a25ef5d77ac9d6486ff33ded762ef353aa5592",
                "sha256:afe3fe972c645b4632c563d3f3eff1cdca2fa058f730df2b93a35e3b0c538218",
                "sha256:d19c413b3c07cbecf1f991e2221746b0d2a9410b59cb3f4fb9557f0365a1a817",
                "sha256:df9824ac11deaf007443e7ed2a4a26bebff98d2bc43c6da21b2b64185da011c4",
                "sha256:e46f44b54ebddbeedbd3d5b289a893219065ef805d95094d16a0af6630f5d410",
                "sha256:f5ac9a4eeb1ec0f1ccdc6f326bcdb464de5f80eb07fb38b5ddd7b0de6bc61e55"
            ],
            "index": "pypi",
            "markers": "python_version >= '3.8'",
            "version": "==1.8.0"
        },
        "mypy-extensions": {
            "hashes": [
                "sha256:4392f6c0eb8a5668a69e23d168ffa70f0be9ccfd32b5cc2d26a34ae5b844552d",
                "sha256:75dbf8955dc00442a438fc4d0666508a9a97b6bd41aa2f0ffe9d2f2725af0782"
            ],
            "markers": "python_version >= '3.5'",
            "version": "==1.0.0"
        },
        "packaging": {
            "hashes": [
                "sha256:048fb0e9405036518eaaf48a55953c750c11e1a1b68e0dd1a9d62ed0c092cfc5",
                "sha256:8c491190033a9af7e1d931d0b5dacc2ef47509b34dd0de67ed209b5203fc88c7"
            ],
            "markers": "python_version >= '3.7'",
            "version": "==23.2"
        },
        "pluggy": {
            "hashes": [
                "sha256:7db9f7b503d67d1c5b95f59773ebb58a8c1c288129a88665838012cfb07b8981",
                "sha256:8c85c2876142a764e5b7548e7d9a0e0ddb46f5185161049a79b7e974454223be"
            ],
            "markers": "python_version >= '3.8'",
            "version": "==1.4.0"
        },
        "pycodestyle": {
            "hashes": [
                "sha256:41ba0e7afc9752dfb53ced5489e89f8186be00e599e712660695b7a75ff2663f",
                "sha256:44fe31000b2d866f2e41841b18528a505fbd7fef9017b04eff4e2648a0fadc67"
            ],
            "markers": "python_version >= '3.8'",
            "version": "==2.11.1"
        },
        "pyflakes": {
            "hashes": [
                "sha256:1c61603ff154621fb2a9172037d84dca3500def8c8b630657d1701f026f8af3f",
                "sha256:84b5be138a2dfbb40689ca07e2152deb896a65c3a3e24c251c5c62489568074a"
            ],
            "markers": "python_version >= '3.8'",
            "version": "==3.2.0"
        },
        "pytest": {
            "hashes": [
                "sha256:267f6563751877d772019b13aacbe4e860d73fe8f651f28112e9ac37de7513ae",
                "sha256:3e4f16fe1c0a9dc9d9389161c127c3edc5d810c38d6793042fb81d9f48a59fca"
            ],
            "index": "pypi",
            "markers": "python_version >= '3.8'",
            "version": "==8.0.1"
        },
        "sniffio": {
            "hashes": [
                "sha256:e60305c5e5d314f5389259b7f22aaa33d8f7dee49763119234af3755c55b9101",
                "sha256:eecefdce1e5bbfb7ad2eeaabf7c1eeb404d7757c379bd1f7e5cce9d8bf425384"
            ],
            "markers": "python_version >= '3.7'",
            "version": "==1.3.0"
        },
        "types-pytz": {
            "hashes": [
                "sha256:9679eef0365db3af91ef7722c199dbb75ee5c1b67e3c4dd7bfbeb1b8a71c21a3",
                "sha256:c93751ee20dfc6e054a0148f8f5227b9a00b79c90a4d3c9f464711a73179c89e"
            ],
            "index": "pypi",
            "markers": "python_version >= '3.8'",
            "version": "==2024.1.0.20240203"
        },
        "typing-extensions": {
            "hashes": [
                "sha256:23478f88c37f27d76ac8aee6c905017a143b0b1b886c3c9f66bc2fd94f9f5783",
                "sha256:af72aea155e91adfc61c3ae9e0e342dbc0cba726d6cba4b6c72c1f34e47291cd"
            ],
            "markers": "python_version >= '3.8'",
            "version": "==4.9.0"
        }
    }
}
