{
  "version": 4,
  "terraform_version": "1.7.3",
  "serial": 11,
  "lineage": "30be84f6-d8d8-b477-97aa-23db7b1ebce4",
  "outputs": {},
  "resources": [
    {
      "mode": "managed",
      "type": "github_team",
      "name": "developers",
      "provider": "provider[\"registry.terraform.io/integrations/github\"]",
      "instances": [
        {
          "schema_version": 0,
          "attributes": {
            "create_default_maintainer": false,
            "description": "",
            "etag": "W/\"2024088eb08728191642a167c418d563268f2c131ceee678dfb2b11d52a0ceb5\"",
            "id": "9554105",
            "ldap_dn": "",
            "members_count": 1,
            "name": "developers",
            "node_id": "T_kwDOCZu9j84Akci5",
            "parent_team_id": null,
            "privacy": "closed",
            "slug": "developers"
          },
          "sensitive_attributes": [],
          "private": "bnVsbA=="
        }
      ]
    },
    {
      "mode": "managed",
      "type": "github_team_membership",
      "name": "mem_devs",
      "provider": "provider[\"registry.terraform.io/integrations/github\"]",
      "instances": [
        {
          "schema_version": 0,
          "attributes": {
            "etag": "W/\"e963153aa3f931afd27284f4086fb83fc8c86dbdddd0b1b98ab79de80e606d7a\"",
            "id": "9554105:y0szx",
            "role": "member",
            "team_id": "9554105",
            "username": "y0szx"
          },
          "sensitive_attributes": [],
          "private": "bnVsbA==",
          "dependencies": [
            "github_team.developers"
          ]
        }
      ]
    }
  ],
  "check_results": null
}
