{
  "version": 4,
  "terraform_version": "1.7.4",
  "serial": 4,
  "lineage": "073eba51-6314-3c79-369d-402fc41fe6ee",
  "outputs": {},
  "resources": [
    {
      "mode": "managed",
      "type": "github_repository",
      "name": "repo",
      "provider": "provider[\"registry.terraform.io/integrations/github\"]",
      "instances": [
        {
          "schema_version": 0,
          "attributes": {
            "allow_auto_merge": false,
            "allow_merge_commit": true,
            "allow_rebase_merge": true,
            "allow_squash_merge": true,
            "archive_on_destroy": null,
            "archived": false,
            "auto_init": true,
            "branches": [
              {
                "name": "main",
                "protected": false
              }
            ],
            "default_branch": "main",
            "delete_branch_on_merge": false,
            "description": "yeah",
            "etag": "W/\"cd57bed9d306971b81d7469ece57dd16d06c6f0080173f78a623433f9a98bc1d\"",
            "full_name": "KatyKoshmanova/dev_oops_terraform",
            "git_clone_url": "git://github.com/KatyKoshmanova/dev_oops_terraform.git",
            "gitignore_template": "VisualStudio",
            "has_downloads": false,
            "has_issues": true,
            "has_projects": false,
            "has_wiki": true,
            "homepage_url": "",
            "html_url": "https://github.com/KatyKoshmanova/dev_oops_terraform",
            "http_clone_url": "https://github.com/KatyKoshmanova/dev_oops_terraform.git",
            "id": "dev_oops_terraform",
            "ignore_vulnerability_alerts_during_read": null,
            "is_template": false,
            "license_template": "mit",
            "merge_commit_message": "PR_TITLE",
            "merge_commit_title": "MERGE_MESSAGE",
            "name": "dev_oops_terraform",
            "node_id": "R_kgDOLY7AhA",
            "pages": [],
            "private": false,
            "repo_id": 764330116,
            "squash_merge_commit_message": "COMMIT_MESSAGES",
            "squash_merge_commit_title": "COMMIT_OR_PR_TITLE",
            "ssh_clone_url": "git@github.com:KatyKoshmanova/dev_oops_terraform.git",
            "svn_url": "https://github.com/KatyKoshmanova/dev_oops_terraform",
            "template": [],
            "topics": null,
            "visibility": "public",
            "vulnerability_alerts": false
          },
          "sensitive_attributes": [],
          "private": "bnVsbA=="
        }
      ]
    }
  ],
  "check_results": null
}
