{
  "version": 4,
  "terraform_version": "1.8.0",
  "serial": 22,
  "lineage": "f2dbaf5d-7e69-929e-497b-936a769c887b",
  "outputs": {
    "container_id": {
      "value": "447c026c277d846a3e2d048cb255c0ac80c48e720a48a1f1ca8807f502af7b13",
      "type": "string"
    },
    "image_id": {
      "value": "sha256:814d3260a89cabe69db01360dda47061ffd98fbf147f523fca669909c4cd1c28almetovkamil/app_python:v1",
      "type": "string"
    }
  },
  "resources": [
    {
      "mode": "managed",
      "type": "docker_container",
      "name": "app_python",
      "provider": "provider[\"registry.terraform.io/kreuzwerker/docker\"]",
      "instances": [
        {
          "schema_version": 2,
          "attributes": {
            "attach": false,
            "bridge": "",
            "capabilities": [],
            "cgroupns_mode": null,
            "command": [
              "python3",
              "-m",
              "flask",
              "run",
              "--host",
              "0.0.0.0",
              "--port",
              "5000"
            ],
            "container_logs": null,
            "container_read_refresh_timeout_milliseconds": 15000,
            "cpu_set": "",
            "cpu_shares": 0,
            "destroy_grace_seconds": null,
            "devices": [],
            "dns": [],
            "dns_opts": [],
            "dns_search": [],
            "domainname": "",
            "entrypoint": [],
            "env": [],
            "exit_code": null,
            "gpus": null,
            "group_add": [],
            "healthcheck": [],
            "host": [],
            "hostname": "447c026c277d",
            "id": "447c026c277d846a3e2d048cb255c0ac80c48e720a48a1f1ca8807f502af7b13",
            "image": "sha256:814d3260a89cabe69db01360dda47061ffd98fbf147f523fca669909c4cd1c28",
            "init": false,
            "ipc_mode": "private",
            "labels": [],
            "log_driver": "json-file",
            "log_opts": {},
            "logs": false,
            "max_retry_count": 0,
            "memory": 0,
            "memory_swap": 0,
            "mounts": [],
            "must_run": true,
            "name": "app_python",
            "network_data": [
              {
                "gateway": "172.17.0.1",
                "global_ipv6_address": "",
                "global_ipv6_prefix_length": 0,
                "ip_address": "172.17.0.2",
                "ip_prefix_length": 16,
                "ipv6_gateway": "",
                "mac_address": "02:42:ac:11:00:02",
                "network_name": "bridge"
              }
            ],
            "network_mode": "default",
            "networks_advanced": [],
            "pid_mode": "",
            "ports": [
              {
                "external": 5000,
                "internal": 5000,
                "ip": "0.0.0.0",
                "protocol": "tcp"
              }
            ],
            "privileged": false,
            "publish_all_ports": false,
            "read_only": false,
            "remove_volumes": true,
            "restart": "no",
            "rm": false,
            "runtime": "runc",
            "security_opts": [],
            "shm_size": 64,
            "start": true,
            "stdin_open": false,
            "stop_signal": "",
            "stop_timeout": 0,
            "storage_opts": {},
            "sysctls": {},
            "tmpfs": {},
            "tty": false,
            "ulimit": [],
            "upload": [],
            "user": "",
            "userns_mode": "",
            "volumes": [],
            "wait": false,
            "wait_timeout": 60,
            "working_dir": "/app_python"
          },
          "sensitive_attributes": [],
          "private": "eyJzY2hlbWFfdmVyc2lvbiI6IjIifQ==",
          "dependencies": [
            "docker_image.app_python"
          ]
        }
      ]
    },
    {
      "mode": "managed",
      "type": "docker_image",
      "name": "app_python",
      "provider": "provider[\"registry.terraform.io/kreuzwerker/docker\"]",
      "instances": [
        {
          "schema_version": 0,
          "attributes": {
            "build": [],
            "force_remove": null,
            "id": "sha256:814d3260a89cabe69db01360dda47061ffd98fbf147f523fca669909c4cd1c28almetovkamil/app_python:v1",
            "image_id": "sha256:814d3260a89cabe69db01360dda47061ffd98fbf147f523fca669909c4cd1c28",
            "keep_locally": false,
            "name": "almetovkamil/app_python:v1",
            "platform": null,
            "pull_triggers": null,
            "repo_digest": "almetovkamil/app_python@sha256:fb78c4eafbeda104ff0617e068fef0943b85df61830579bff5a439545bf4d604",
            "triggers": null
          },
          "sensitive_attributes": [],
          "private": "bnVsbA=="
        }
      ]
    }
  ],
  "check_results": null
}
