{
  "version": 4,
  "terraform_version": "1.7.3",
  "serial": 11,
  "lineage": "02f193c7-b0a6-9e7a-c838-05342ca79d83",
  "outputs": {},
  "resources": [
    {
      "mode": "managed",
      "type": "github_repository",
      "name": "devops_s23_demo",
      "provider": "provider[\"registry.terraform.io/integrations/github\"]",
      "instances": [
        {
          "schema_version": 0,
          "attributes": {
            "allow_auto_merge": false,
            "allow_merge_commit": true,
            "allow_rebase_merge": true,
            "allow_squash_merge": true,
            "archive_on_destroy": null,
            "archived": false,
            "auto_init": true,
            "branches": [
              {
                "name": "main",
                "protected": false
              }
            ],
            "default_branch": "main",
            "delete_branch_on_merge": false,
            "description": "Demo repo for the course",
            "etag": "W/\"4624d890ae8179c00c2fca9592ada41bb9a7281fca85e0ab6e20f5abc344c5d9\"",
            "full_name": "S24-demo-org/Demo-DevOps-S23-repo",
            "git_clone_url": "git://github.com/S24-demo-org/Demo-DevOps-S23-repo.git",
            "gitignore_template": "VisualStudio",
            "has_downloads": false,
            "has_issues": true,
            "has_projects": false,
            "has_wiki": false,
            "homepage_url": "",
            "html_url": "https://github.com/S24-demo-org/Demo-DevOps-S23-repo",
            "http_clone_url": "https://github.com/S24-demo-org/Demo-DevOps-S23-repo.git",
            "id": "Demo-DevOps-S23-repo",
            "ignore_vulnerability_alerts_during_read": null,
            "is_template": false,
            "license_template": "mit",
            "merge_commit_message": "PR_TITLE",
            "merge_commit_title": "MERGE_MESSAGE",
            "name": "Demo-DevOps-S23-repo",
            "node_id": "R_kgDOLXB17A",
            "pages": [],
            "private": false,
            "repo_id": 762344940,
            "squash_merge_commit_message": "COMMIT_MESSAGES",
            "squash_merge_commit_title": "COMMIT_OR_PR_TITLE",
            "ssh_clone_url": "git@github.com:S24-demo-org/Demo-DevOps-S23-repo.git",
            "svn_url": "https://github.com/S24-demo-org/Demo-DevOps-S23-repo",
            "template": [],
            "topics": null,
            "visibility": "public",
            "vulnerability_alerts": false
          },
          "sensitive_attributes": [],
          "private": "bnVsbA=="
        }
      ]
    },
    {
      "mode": "managed",
      "type": "github_team",
      "name": "admins",
      "provider": "provider[\"registry.terraform.io/integrations/github\"]",
      "instances": [
        {
          "schema_version": 0,
          "attributes": {
            "create_default_maintainer": false,
            "description": "Admins of the project",
            "etag": "W/\"44db5e3a3e24521a5adee670ef018b208ea4878e19505cfc47b04b474d5fe614\"",
            "id": "9549463",
            "ldap_dn": "",
            "members_count": 0,
            "name": "Admins",
            "node_id": "T_kwDOCZl9Xs4AkbaX",
            "parent_team_id": null,
            "privacy": "closed",
            "slug": "admins"
          },
          "sensitive_attributes": [],
          "private": "bnVsbA=="
        }
      ]
    },
    {
      "mode": "managed",
      "type": "github_team",
      "name": "developers",
      "provider": "provider[\"registry.terraform.io/integrations/github\"]",
      "instances": [
        {
          "schema_version": 0,
          "attributes": {
            "create_default_maintainer": false,
            "description": "Developers of the project",
            "etag": "W/\"82265e29a1d8974e8144ec11ddda4b2e8bcc7a91728c32761338ea8952abd061\"",
            "id": "9549462",
            "ldap_dn": "",
            "members_count": 0,
            "name": "Developers",
            "node_id": "T_kwDOCZl9Xs4AkbaW",
            "parent_team_id": null,
            "privacy": "closed",
            "slug": "developers"
          },
          "sensitive_attributes": [],
          "private": "bnVsbA=="
        }
      ]
    },
    {
      "mode": "managed",
      "type": "github_team_membership",
      "name": "admins_membership",
      "provider": "provider[\"registry.terraform.io/integrations/github\"]",
      "instances": [
        {
          "schema_version": 0,
          "attributes": {
            "etag": "W/\"74872ad04057a8815f55497330d3972a2c4f30bcc73afeb32099aa1a76d2a807\"",
            "id": "9549463:FK12344321",
            "role": "maintainer",
            "team_id": "9549463",
            "username": "FK12344321"
          },
          "sensitive_attributes": [],
          "private": "bnVsbA==",
          "dependencies": [
            "github_team.admins"
          ]
        }
      ]
    },
    {
      "mode": "managed",
      "type": "github_team_membership",
      "name": "devs_membership",
      "provider": "provider[\"registry.terraform.io/integrations/github\"]",
      "instances": [
        {
          "schema_version": 0,
          "attributes": {
            "etag": "W/\"2a017ee2b5d0130b5b8b6ae804ddf191c2fc2198b42790dda044654cae241f02\"",
            "id": "9549462:WinnerJust",
            "role": "member",
            "team_id": "9549462",
            "username": "WinnerJust"
          },
          "sensitive_attributes": [],
          "private": "bnVsbA==",
          "dependencies": [
            "github_team.developers"
          ]
        }
      ]
    },
    {
      "mode": "managed",
      "type": "github_team_repository",
      "name": "admins_bind",
      "provider": "provider[\"registry.terraform.io/integrations/github\"]",
      "instances": [
        {
          "schema_version": 0,
          "attributes": {
            "etag": "W/\"5eb500d06d121c08cc99cf24c2b273259d9d632ae17f25589524837e28a557ff\"",
            "id": "9549462:Demo-DevOps-S23-repo",
            "permission": "maintain",
            "repository": "Demo-DevOps-S23-repo",
            "team_id": "9549462"
          },
          "sensitive_attributes": [],
          "private": "bnVsbA==",
          "dependencies": [
            "github_team.developers"
          ]
        }
      ]
    },
    {
      "mode": "managed",
      "type": "github_team_repository",
      "name": "devs_bind",
      "provider": "provider[\"registry.terraform.io/integrations/github\"]",
      "instances": [
        {
          "schema_version": 0,
          "attributes": {
            "etag": "W/\"5eb500d06d121c08cc99cf24c2b273259d9d632ae17f25589524837e28a557ff\"",
            "id": "9549462:Demo-DevOps-S23-repo",
            "permission": "maintain",
            "repository": "Demo-DevOps-S23-repo",
            "team_id": "9549462"
          },
          "sensitive_attributes": [],
          "private": "bnVsbA==",
          "dependencies": [
            "github_team.developers"
          ]
        }
      ]
    }
  ],
  "check_results": null
}
