{
  "version": 4,
  "terraform_version": "1.7.3",
  "serial": 44,
  "lineage": "821c2699-b999-4c63-ef84-2b36eb598340",
  "outputs": {},
  "resources": [
    {
      "mode": "managed",
      "type": "aws_instance",
      "name": "app_server",
      "provider": "provider[\"registry.terraform.io/hashicorp/aws\"]",
      "instances": [
        {
          "schema_version": 1,
          "attributes": {
            "ami": "ami-00381a880aa48c6c6",
            "arn": "arn:aws:ec2:eu-north-1:637423257153:instance/i-04bcc8a13a6ecdd70",
            "associate_public_ip_address": true,
            "availability_zone": "eu-north-1b",
            "capacity_reservation_specification": [
              {
                "capacity_reservation_preference": "open",
                "capacity_reservation_target": []
              }
            ],
            "cpu_core_count": 1,
            "cpu_options": [
              {
                "amd_sev_snp": "",
                "core_count": 1,
                "threads_per_core": 2
              }
            ],
            "cpu_threads_per_core": 2,
            "credit_specification": [
              {
                "cpu_credits": "unlimited"
              }
            ],
            "disable_api_stop": false,
            "disable_api_termination": false,
            "ebs_block_device": [],
            "ebs_optimized": false,
            "enclave_options": [
              {
                "enabled": false
              }
            ],
            "ephemeral_block_device": [],
            "get_password_data": false,
            "hibernation": false,
            "host_id": "",
            "host_resource_group_arn": null,
            "iam_instance_profile": "",
            "id": "i-04bcc8a13a6ecdd70",
            "instance_initiated_shutdown_behavior": "stop",
            "instance_state": "running",
            "instance_type": "t3.micro",
            "ipv6_address_count": 0,
            "ipv6_addresses": [],
            "key_name": "aws",
            "launch_template": [],
            "maintenance_options": [
              {
                "auto_recovery": "default"
              }
            ],
            "metadata_options": [
              {
                "http_endpoint": "enabled",
                "http_put_response_hop_limit": 1,
                "http_tokens": "optional",
                "instance_metadata_tags": "disabled"
              }
            ],
            "monitoring": false,
            "network_interface": [],
            "outpost_arn": "",
            "password_data": "",
            "placement_group": "",
            "placement_partition_number": 0,
            "primary_network_interface_id": "eni-0a163950c5313ea23",
            "private_dns": "ip-172-31-36-171.eu-north-1.compute.internal",
            "private_dns_name_options": [
              {
                "enable_resource_name_dns_a_record": false,
                "enable_resource_name_dns_aaaa_record": false,
                "hostname_type": "ip-name"
              }
            ],
            "private_ip": "172.31.36.171",
            "public_dns": "ec2-16-170-247-65.eu-north-1.compute.amazonaws.com",
            "public_ip": "16.170.247.65",
            "root_block_device": [
              {
                "delete_on_termination": true,
                "device_name": "/dev/sda1",
                "encrypted": false,
                "iops": 100,
                "kms_key_id": "",
                "tags": {},
                "throughput": 0,
                "volume_id": "vol-00132d6f832a1e71b",
                "volume_size": 8,
                "volume_type": "gp2"
              }
            ],
            "secondary_private_ips": [],
            "security_groups": [
              "sg_ec2"
            ],
            "source_dest_check": true,
            "subnet_id": "subnet-00b8bf81095562afa",
            "tags": {
              "Name": "DevOps-S24"
            },
            "tags_all": {
              "Name": "DevOps-S24"
            },
            "tenancy": "default",
            "timeouts": null,
            "user_data": null,
            "user_data_base64": null,
            "user_data_replace_on_change": false,
            "volume_tags": null,
            "vpc_security_group_ids": [
              "sg-07f5fa85c60d33ef3"
            ]
          },
          "sensitive_attributes": [],
          "private": "eyJlMmJmYjczMC1lY2FhLTExZTYtOGY4OC0zNDM2M2JjN2M0YzAiOnsiY3JlYXRlIjo2MDAwMDAwMDAwMDAsImRlbGV0ZSI6MTIwMDAwMDAwMDAwMCwidXBkYXRlIjo2MDAwMDAwMDAwMDB9LCJzY2hlbWFfdmVyc2lvbiI6IjEifQ==",
          "dependencies": [
            "aws_key_pair.key",
            "aws_security_group.sg_ec2"
          ]
        }
      ]
    },
    {
      "mode": "managed",
      "type": "aws_key_pair",
      "name": "key",
      "provider": "provider[\"registry.terraform.io/hashicorp/aws\"]",
      "instances": [
        {
          "schema_version": 1,
          "attributes": {
            "arn": "arn:aws:ec2:eu-north-1:637423257153:key-pair/aws",
            "fingerprint": "8d:4d:4b:0d:5e:e7:70:d6:bb:4f:fe:d6:74:f4:a2:23",
            "id": "aws",
            "key_name": "aws",
            "key_name_prefix": "",
            "key_pair_id": "key-03172441e246cf041",
            "key_type": "rsa",
            "public_key": "ssh-rsa AAAAB3NzaC1yc2EAAAADAQABAAACAQDIG8bG57vtsJs4CQxYXTsxkxSVqY92rhQ5/3mSNoEe6jQgF6/1qMBcDuRBRk0uRcF4wzcam7MsA4NYtjXXqD2JoiGlJ8eS6WTToJELEFnnAadDEbaKDzynwdXKDWkZBDsvyYywO+dm6/P8gc3nGqtTdfSFNufA+52IdfFZ3t5zYaynW3mymvaBKeIzp0ScbYm+63RjHCJcSUlHG5OA6/AiqaEbsHvP8mA8ImsBQhKcKlSGRsIPNHwhFhUHjomcNmw+gSlDvC/uMSAeP86+gRmo5/4qwTW1EE/F8zzztwVJs+HSp+XyBz5EDQH8rs77Q3WVVzYyPVFWCT85w8l4KBoW15d/HKTnGP21jTbdeJM/Zylt6daOGnMlp1sCUwhbhftgV9Q6YAjxf45OCn5Lnh+iSsUahZu8odVJAyTC3lIlvACM0oeh/921Ju0eeTW0J814ySpqj4/lKYfOQSmFk6BliE/wJcAnvNr5f/D6l6vAAedQIOBY2TtM+e3XFaFk1jfCahpIfVC/Ok5bq2CZSDz4SwIvhhh67/kZLmt7w9kjcoDk49szuj+Ohq8dRy0z/D0c4iVRd/ZuYkoWdIHOQy6gOzXavW4zfnI+iy+3TzOk9FBe4qhyhaBzv3sYyT2GWxTSuGn1jsBYelqCV+6x7IjPkcoUuGMqYy/OGhCjC1F1iw==",
            "tags": {},
            "tags_all": {}
          },
          "sensitive_attributes": [],
          "private": "eyJzY2hlbWFfdmVyc2lvbiI6IjEifQ=="
        }
      ]
    },
    {
      "mode": "managed",
      "type": "aws_security_group",
      "name": "sg_ec2",
      "provider": "provider[\"registry.terraform.io/hashicorp/aws\"]",
      "instances": [
        {
          "schema_version": 1,
          "attributes": {
            "arn": "arn:aws:ec2:eu-north-1:637423257153:security-group/sg-07f5fa85c60d33ef3",
            "description": "Security group for EC2",
            "egress": [
              {
                "cidr_blocks": [
                  "0.0.0.0/0"
                ],
                "description": "",
                "from_port": 0,
                "ipv6_cidr_blocks": [],
                "prefix_list_ids": [],
                "protocol": "-1",
                "security_groups": [],
                "self": false,
                "to_port": 0
              }
            ],
            "id": "sg-07f5fa85c60d33ef3",
            "ingress": [
              {
                "cidr_blocks": [
                  "0.0.0.0/0"
                ],
                "description": "",
                "from_port": 0,
                "ipv6_cidr_blocks": [],
                "prefix_list_ids": [],
                "protocol": "-1",
                "security_groups": [],
                "self": false,
                "to_port": 0
              }
            ],
            "name": "sg_ec2",
            "name_prefix": "",
            "owner_id": "637423257153",
            "revoke_rules_on_delete": false,
            "tags": {},
            "tags_all": {},
            "timeouts": null,
            "vpc_id": "vpc-0e3f78e948c10d6de"
          },
          "sensitive_attributes": [],
          "private": "eyJlMmJmYjczMC1lY2FhLTExZTYtOGY4OC0zNDM2M2JjN2M0YzAiOnsiY3JlYXRlIjo2MDAwMDAwMDAwMDAsImRlbGV0ZSI6OTAwMDAwMDAwMDAwfSwic2NoZW1hX3ZlcnNpb24iOiIxIn0="
        }
      ]
    }
  ],
  "check_results": null
}
