{
  "version": 4,
  "terraform_version": "1.7.3",
  "serial": 28,
  "lineage": "d347cd65-6ca8-5052-a43e-ed68d5eed811",
  "outputs": {},
  "resources": [
    {
      "mode": "managed",
      "type": "github_repository",
      "name": "S24-core-course-labs",
      "provider": "provider[\"registry.terraform.io/integrations/github\"]",
      "instances": [
        {
          "schema_version": 0,
          "attributes": {
            "allow_auto_merge": false,
            "allow_merge_commit": true,
            "allow_rebase_merge": true,
            "allow_squash_merge": true,
            "archive_on_destroy": null,
            "archived": false,
            "auto_init": false,
            "branches": [
              {
                "name": "lab1",
                "protected": false
              },
              {
                "name": "lab1_1",
                "protected": false
              },
              {
                "name": "lab2",
                "protected": false
              },
              {
                "name": "lab3",
                "protected": false
              },
              {
                "name": "main",
                "protected": false
              }
            ],
            "default_branch": "main",
            "delete_branch_on_merge": false,
            "description": "",
            "etag": "W/\"c2e9b699e1f319f151f7b8b815fc64aa1560800a1cdd492dce22f0a495a10c05\"",
            "full_name": "FK12344321/S24-core-course-labs",
            "git_clone_url": "git://github.com/FK12344321/S24-core-course-labs.git",
            "gitignore_template": null,
            "has_downloads": true,
            "has_issues": false,
            "has_projects": true,
            "has_wiki": true,
            "homepage_url": "",
            "html_url": "https://github.com/FK12344321/S24-core-course-labs",
            "http_clone_url": "https://github.com/FK12344321/S24-core-course-labs.git",
            "id": "S24-core-course-labs",
            "ignore_vulnerability_alerts_during_read": null,
            "is_template": false,
            "license_template": null,
            "merge_commit_message": "PR_TITLE",
            "merge_commit_title": "MERGE_MESSAGE",
            "name": "S24-core-course-labs",
            "node_id": "R_kgDOLOV3Hw",
            "pages": [],
            "private": false,
            "repo_id": 753235743,
            "squash_merge_commit_message": "COMMIT_MESSAGES",
            "squash_merge_commit_title": "COMMIT_OR_PR_TITLE",
            "ssh_clone_url": "git@github.com:FK12344321/S24-core-course-labs.git",
            "svn_url": "https://github.com/FK12344321/S24-core-course-labs",
            "template": [],
            "topics": [],
            "visibility": "public",
            "vulnerability_alerts": false
          },
          "sensitive_attributes": [],
          "private": "eyJzY2hlbWFfdmVyc2lvbiI6IjAifQ=="
        }
      ]
    }
  ],
  "check_results": null
}
