{
  "version": 4,
  "terraform_version": "1.7.4",
  "serial": 2,
  "lineage": "2f0a3514-26ca-b785-13b0-b0a2d142d714",
  "outputs": {},
  "resources": [
    {
      "mode": "managed",
      "type": "github_repository",
      "name": "S24-core-course-labs",
      "provider": "provider[\"registry.terraform.io/hashicorp/github\"]",
      "instances": [
        {
          "schema_version": 1,
          "attributes": {
            "allow_auto_merge": false,
            "allow_merge_commit": true,
            "allow_rebase_merge": true,
            "allow_squash_merge": true,
            "allow_update_branch": false,
            "archive_on_destroy": null,
            "archived": false,
            "auto_init": false,
            "default_branch": "main",
            "delete_branch_on_merge": false,
            "description": "solutions to S24-DevOps course in Innopolis University",
            "etag": "W/\"18829f3780ee264f71aaf7f3775fd10f6f1b115fe2eb3449dee6c891eb80f92b\"",
            "full_name": "inga-zimnya/S24-core-course-labs",
            "git_clone_url": "git://github.com/inga-zimnya/S24-core-course-labs.git",
            "gitignore_template": null,
            "has_discussions": false,
            "has_downloads": true,
            "has_issues": false,
            "has_projects": true,
            "has_wiki": true,
            "homepage_url": "",
            "html_url": "https://github.com/inga-zimnya/S24-core-course-labs",
            "http_clone_url": "https://github.com/inga-zimnya/S24-core-course-labs.git",
            "id": "S24-core-course-labs",
            "ignore_vulnerability_alerts_during_read": null,
            "is_template": false,
            "license_template": null,
            "merge_commit_message": "PR_TITLE",
            "merge_commit_title": "MERGE_MESSAGE",
            "name": "S24-core-course-labs",
            "node_id": "R_kgDOLNvbNz",
            "pages": [],
            "primary_language": "Python",
            "private": false,
            "repo_id": 752606008,
            "security_and_analysis": [
              {
                "advanced_security": [],
                "secret_scanning": [
                  {
                    "status": "disabled"
                  }
                ],
                "secret_scanning_push_protection": [
                  {
                    "status": "disabled"
                  }
                ]
              }
            ],
            "squash_merge_commit_message": "COMMIT_MESSAGES",
            "squash_merge_commit_title": "COMMIT_OR_PR_TITLE",
            "ssh_clone_url": "git@github.com:inga-zimnya/S24-core-course-labs.git",
            "svn_url": "https://github.com/inga-zimnya/S24-core-course-labs",
            "template": [],
            "topics": [],
            "visibility": "public",
            "vulnerability_alerts": false,
            "web_commit_signoff_required": false
          },
          "sensitive_attributes": [],
          "private": "eyJzY2hlbWFfdmVyc2lvbiI6IjEifQ=="
        }
      ]
    }
  ],
  "check_results": null
}