{
  "version": 4,
  "terraform_version": "1.5.7",
  "serial": 14,
  "lineage": "20fd2cae-3c74-993f-4e1d-3897f33d6238",
  "outputs": {},
  "resources": [
    {
      "mode": "managed",
      "type": "github_branch_default",
      "name": "main",
      "provider": "provider[\"registry.terraform.io/integrations/github\"]",
      "instances": [
        {
          "schema_version": 0,
          "attributes": {
            "branch": "main",
            "etag": "W/\"c5f032e2f120c568c51ad320a84063537e4265dac58e1d7356a9bff0dc80fa18\"",
            "id": "S24-core-course-labs-copy",
            "rename": false,
            "repository": "S24-core-course-labs-copy"
          },
          "sensitive_attributes": [],
          "private": "bnVsbA==",
          "dependencies": [
            "github_repository.repo"
          ]
        }
      ]
    },
    {
      "mode": "managed",
      "type": "github_repository",
      "name": "repo",
      "provider": "provider[\"registry.terraform.io/integrations/github\"]",
      "instances": [
        {
          "schema_version": 1,
          "attributes": {
            "allow_auto_merge": false,
            "allow_merge_commit": true,
            "allow_rebase_merge": true,
            "allow_squash_merge": true,
            "allow_update_branch": false,
            "archive_on_destroy": null,
            "archived": false,
            "auto_init": true,
            "default_branch": "main",
            "delete_branch_on_merge": false,
            "description": "DevOps course lab4 labs repo",
            "etag": "W/\"c5f032e2f120c568c51ad320a84063537e4265dac58e1d7356a9bff0dc80fa18\"",
            "full_name": "IlyaPechersky/S24-core-course-labs-copy",
            "git_clone_url": "git://github.com/IlyaPechersky/S24-core-course-labs-copy.git",
            "gitignore_template": null,
            "has_discussions": false,
            "has_downloads": true,
            "has_issues": true,
            "has_projects": true,
            "has_wiki": true,
            "homepage_url": "",
            "html_url": "https://github.com/IlyaPechersky/S24-core-course-labs-copy",
            "http_clone_url": "https://github.com/IlyaPechersky/S24-core-course-labs-copy.git",
            "id": "S24-core-course-labs-copy",
            "ignore_vulnerability_alerts_during_read": null,
            "is_template": false,
            "license_template": null,
            "merge_commit_message": "PR_TITLE",
            "merge_commit_title": "MERGE_MESSAGE",
            "name": "S24-core-course-labs-copy",
            "node_id": "R_kgDOLMNXvw",
            "pages": [],
            "primary_language": "Python",
            "private": false,
            "repo_id": 750999487,
            "security_and_analysis": [
              {
                "advanced_security": [],
                "secret_scanning": [
                  {
                    "status": "disabled"
                  }
                ],
                "secret_scanning_push_protection": [
                  {
                    "status": "disabled"
                  }
                ]
              }
            ],
            "squash_merge_commit_message": "COMMIT_MESSAGES",
            "squash_merge_commit_title": "COMMIT_OR_PR_TITLE",
            "ssh_clone_url": "git@github.com:IlyaPechersky/S24-core-course-labs-copy.git",
            "svn_url": "https://github.com/IlyaPechersky/S24-core-course-labs-copy",
            "template": [],
            "topics": [],
            "visibility": "public",
            "vulnerability_alerts": false,
            "web_commit_signoff_required": false
          },
          "sensitive_attributes": [],
          "private": "eyJzY2hlbWFfdmVyc2lvbiI6IjEifQ=="
        }
      ]
    }
  ],
  "check_results": null
}
