{
  "version": 4,
  "terraform_version": "1.7.4",
  "serial": 5,
  "lineage": "16a84790-c4e9-8cb4-b4f5-e1824ac95e16",
  "outputs": {},
  "resources": [
    {
      "mode": "managed",
      "type": "github_branch_default",
      "name": "main",
      "provider": "provider[\"registry.terraform.io/integrations/github\"]",
      "instances": [
        {
          "schema_version": 0,
          "attributes": {
            "branch": "main",
            "etag": "W/\"fab1eaa8ae4fbd70996358bb1c83fc18942f3c08cde6fded64ca8cf4fab98a2b\"",
            "id": "sample-repo",
            "rename": false,
            "repository": "sample-repo"
          },
          "sensitive_attributes": [],
          "private": "bnVsbA==",
          "dependencies": [
            "github_repository.repo"
          ]
        }
      ]
    },
    {
      "mode": "managed",
      "type": "github_repository",
      "name": "repo",
      "provider": "provider[\"registry.terraform.io/integrations/github\"]",
      "instances": [
        {
          "schema_version": 1,
          "attributes": {
            "allow_auto_merge": false,
            "allow_merge_commit": true,
            "allow_rebase_merge": true,
            "allow_squash_merge": true,
            "allow_update_branch": false,
            "archive_on_destroy": null,
            "archived": false,
            "auto_init": true,
            "default_branch": "main",
            "delete_branch_on_merge": false,
            "description": "Sample Lab4 DevOps",
            "etag": "W/\"fab1eaa8ae4fbd70996358bb1c83fc18942f3c08cde6fded64ca8cf4fab98a2b\"",
            "full_name": "NikitaGrigorenko/sample-repo",
            "git_clone_url": "git://github.com/NikitaGrigorenko/sample-repo.git",
            "gitignore_template": null,
            "has_discussions": false,
            "has_downloads": true,
            "has_issues": true,
            "has_projects": true,
            "has_wiki": true,
            "homepage_url": "",
            "html_url": "https://github.com/NikitaGrigorenko/sample-repo",
            "http_clone_url": "https://github.com/NikitaGrigorenko/sample-repo.git",
            "id": "sample-repo",
            "ignore_vulnerability_alerts_during_read": null,
            "is_template": false,
            "license_template": null,
            "merge_commit_message": "PR_TITLE",
            "merge_commit_title": "MERGE_MESSAGE",
            "name": "sample-repo",
            "node_id": "R_kgDOLYp_5Q",
            "pages": [],
            "primary_language": "",
            "private": false,
            "repo_id": 764051429,
            "security_and_analysis": [
              {
                "advanced_security": [],
                "secret_scanning": [
                  {
                    "status": "disabled"
                  }
                ],
                "secret_scanning_push_protection": [
                  {
                    "status": "disabled"
                  }
                ]
              }
            ],
            "squash_merge_commit_message": "COMMIT_MESSAGES",
            "squash_merge_commit_title": "COMMIT_OR_PR_TITLE",
            "ssh_clone_url": "git@github.com:NikitaGrigorenko/sample-repo.git",
            "svn_url": "https://github.com/NikitaGrigorenko/sample-repo",
            "template": [],
            "topics": [],
            "visibility": "public",
            "vulnerability_alerts": false,
            "web_commit_signoff_required": false
          },
          "sensitive_attributes": [],
          "private": "eyJzY2hlbWFfdmVyc2lvbiI6IjEifQ=="
        }
      ]
    }
  ],
  "check_results": null
}
