{
  "version": 4,
  "terraform_version": "1.7.4",
  "serial": 20,
  "lineage": "56974701-8e37-5850-d729-8bca81026a9c",
  "outputs": {},
  "resources": [
    {
      "mode": "managed",
      "type": "github_branch_default",
      "name": "main",
      "provider": "provider[\"registry.terraform.io/integrations/github\"]",
      "instances": [
        {
          "schema_version": 0,
          "attributes": {
            "branch": "main",
            "id": "terraform-lab-4",
            "repository": "terraform-lab-4"
          },
          "sensitive_attributes": [],
          "private": "bnVsbA==",
          "dependencies": [
            "github_repository.repo"
          ]
        }
      ]
    },
    {
      "mode": "managed",
      "type": "github_branch_protection",
      "name": "default",
      "provider": "provider[\"registry.terraform.io/integrations/github\"]",
      "instances": [
        {
          "schema_version": 1,
          "attributes": {
            "allows_deletions": false,
            "allows_force_pushes": false,
            "blocks_creations": false,
            "enforce_admins": true,
            "id": "BPR_kwDOLY5FjM4C0wiP",
            "pattern": "main",
            "push_restrictions": null,
            "repository_id": "terraform-lab-4",
            "require_conversation_resolution": true,
            "require_signed_commits": false,
            "required_linear_history": false,
            "required_pull_request_reviews": [
              {
                "dismiss_stale_reviews": false,
                "dismissal_restrictions": null,
                "pull_request_bypassers": null,
                "require_code_owner_reviews": false,
                "required_approving_review_count": 1,
                "restrict_dismissals": false
              }
            ],
            "required_status_checks": []
          },
          "sensitive_attributes": [],
          "private": "eyJzY2hlbWFfdmVyc2lvbiI6IjEifQ==",
          "dependencies": [
            "github_branch_default.main",
            "github_repository.repo"
          ]
        }
      ]
    },
    {
      "mode": "managed",
      "type": "github_repository",
      "name": "repo",
      "provider": "provider[\"registry.terraform.io/integrations/github\"]",
      "instances": [
        {
          "schema_version": 0,
          "attributes": {
            "allow_auto_merge": false,
            "allow_merge_commit": true,
            "allow_rebase_merge": true,
            "allow_squash_merge": true,
            "archive_on_destroy": null,
            "archived": false,
            "auto_init": true,
            "branches": [
              {
                "name": "main",
                "protected": false
              }
            ],
            "default_branch": "main",
            "delete_branch_on_merge": false,
            "description": "Terraform default description",
            "etag": "W/\"f2abb1defc427c16c2682d07a9025b79c587e1c77246ef605478dd458d2edd18\"",
            "full_name": "devops-terraform-lab4/terraform-lab-4",
            "git_clone_url": "git://github.com/devops-terraform-lab4/terraform-lab-4.git",
            "gitignore_template": "VisualStudio",
            "has_downloads": false,
            "has_issues": true,
            "has_projects": false,
            "has_wiki": true,
            "homepage_url": "",
            "html_url": "https://github.com/devops-terraform-lab4/terraform-lab-4",
            "http_clone_url": "https://github.com/devops-terraform-lab4/terraform-lab-4.git",
            "id": "terraform-lab-4",
            "ignore_vulnerability_alerts_during_read": null,
            "is_template": false,
            "license_template": "mit",
            "merge_commit_message": "PR_TITLE",
            "merge_commit_title": "MERGE_MESSAGE",
            "name": "terraform-lab-4",
            "node_id": "R_kgDOLY5FjA",
            "pages": [],
            "private": false,
            "repo_id": 764298636,
            "squash_merge_commit_message": "COMMIT_MESSAGES",
            "squash_merge_commit_title": "COMMIT_OR_PR_TITLE",
            "ssh_clone_url": "git@github.com:devops-terraform-lab4/terraform-lab-4.git",
            "svn_url": "https://github.com/devops-terraform-lab4/terraform-lab-4",
            "template": [],
            "topics": null,
            "visibility": "public",
            "vulnerability_alerts": false
          },
          "sensitive_attributes": [],
          "private": "bnVsbA=="
        }
      ]
    },
    {
      "mode": "managed",
      "type": "github_team",
      "name": "team1",
      "provider": "provider[\"registry.terraform.io/integrations/github\"]",
      "instances": [
        {
          "schema_version": 0,
          "attributes": {
            "create_default_maintainer": false,
            "description": "",
            "etag": "W/\"656a973213c1581fe6cbc42667460a0e03918a7a6d23cb816a386b863e558a9b\"",
            "id": "9572923",
            "ldap_dn": "",
            "members_count": 0,
            "name": "First team",
            "node_id": "T_kwDOCaCbV84AkhI7",
            "parent_team_id": null,
            "privacy": "secret",
            "slug": "first-team"
          },
          "sensitive_attributes": [],
          "private": "bnVsbA=="
        }
      ]
    },
    {
      "mode": "managed",
      "type": "github_team",
      "name": "team2",
      "provider": "provider[\"registry.terraform.io/integrations/github\"]",
      "instances": [
        {
          "schema_version": 0,
          "attributes": {
            "create_default_maintainer": false,
            "description": "",
            "etag": "W/\"225397406173361ee218afeafc92e2e3db5662a2d249abbc7eb144b4d286a671\"",
            "id": "9572924",
            "ldap_dn": "",
            "members_count": 0,
            "name": "Second team",
            "node_id": "T_kwDOCaCbV84AkhI8",
            "parent_team_id": null,
            "privacy": "secret",
            "slug": "second-team"
          },
          "sensitive_attributes": [],
          "private": "bnVsbA=="
        }
      ]
    },
    {
      "mode": "managed",
      "type": "github_team_repository",
      "name": "team1_repo",
      "provider": "provider[\"registry.terraform.io/integrations/github\"]",
      "instances": [
        {
          "schema_version": 0,
          "attributes": {
            "etag": "W/\"aaf612ddb60a95f5e1d7d4b7128bc062ad4f718269cc6d853a49ae64d8da2e27\"",
            "id": "9572923:terraform-lab-4",
            "permission": "pull",
            "repository": "terraform-lab-4",
            "team_id": "9572923"
          },
          "sensitive_attributes": [],
          "private": "bnVsbA==",
          "dependencies": [
            "github_repository.repo",
            "github_team.team1"
          ]
        }
      ]
    },
    {
      "mode": "managed",
      "type": "github_team_repository",
      "name": "team2_repo",
      "provider": "provider[\"registry.terraform.io/integrations/github\"]",
      "instances": [
        {
          "schema_version": 0,
          "attributes": {
            "etag": "W/\"b41fe3353d2d4a5babfc18ae889e911081eea21cb53e7f9ab3fe54c88d884ca0\"",
            "id": "9572924:terraform-lab-4",
            "permission": "admin",
            "repository": "terraform-lab-4",
            "team_id": "9572924"
          },
          "sensitive_attributes": [],
          "private": "bnVsbA==",
          "dependencies": [
            "github_repository.repo",
            "github_team.team2"
          ]
        }
      ]
    }
  ],
  "check_results": null
}
