{
  "version": 4,
  "terraform_version": "1.7.3",
  "serial": 45,
  "lineage": "6fe617fd-de64-d331-de40-f691ac0992d1",
  "outputs": {},
  "resources": [
    {
      "mode": "managed",
      "type": "github_branch",
      "name": "master",
      "provider": "provider[\"registry.terraform.io/integrations/github\"]",
      "instances": [
        {
          "schema_version": 0,
          "attributes": {
            "branch": "master",
            "etag": "W/\"b14fe49947459235d960a48c22c8a703b31dccfc69a593de87e48e6a6367b021\"",
            "id": "devops-terraform:master",
            "ref": "refs/heads/master",
            "repository": "devops-terraform",
            "sha": "ae78c8400989854f048cb1a2b4c862a39528d5dd",
            "source_branch": "main",
            "source_sha": "ae78c8400989854f048cb1a2b4c862a39528d5dd"
          },
          "sensitive_attributes": [],
          "private": "bnVsbA==",
          "dependencies": [
            "github_repository.repo-devops-terraform"
          ]
        }
      ]
    },
    {
      "mode": "managed",
      "type": "github_branch_default",
      "name": "master-default",
      "provider": "provider[\"registry.terraform.io/integrations/github\"]",
      "instances": [
        {
          "schema_version": 0,
          "attributes": {
            "branch": "master",
            "etag": "W/\"52e8ebe92288f32e65ab0751354ece05d7f8d7a5d18941f074371ea07346f7e5\"",
            "id": "devops-terraform",
            "rename": false,
            "repository": "devops-terraform"
          },
          "sensitive_attributes": [],
          "private": "bnVsbA==",
          "dependencies": [
            "github_branch.master",
            "github_repository.repo-devops-terraform"
          ]
        }
      ]
    },
    {
      "mode": "managed",
      "type": "github_branch_protection",
      "name": "default",
      "provider": "provider[\"registry.terraform.io/integrations/github\"]",
      "instances": [
        {
          "schema_version": 1,
          "attributes": {
            "allows_deletions": false,
            "allows_force_pushes": false,
            "blocks_creations": false,
            "enforce_admins": true,
            "force_push_bypassers": null,
            "id": "BPR_kwDOLcAKjM4C1up5",
            "lock_branch": false,
            "pattern": "master",
            "push_restrictions": null,
            "repository_id": "devops-terraform",
            "require_conversation_resolution": true,
            "require_signed_commits": false,
            "required_linear_history": false,
            "required_pull_request_reviews": [
              {
                "dismiss_stale_reviews": false,
                "dismissal_restrictions": null,
                "pull_request_bypassers": null,
                "require_code_owner_reviews": false,
                "require_last_push_approval": false,
                "required_approving_review_count": 1,
                "restrict_dismissals": false
              }
            ],
            "required_status_checks": []
          },
          "sensitive_attributes": [],
          "private": "eyJzY2hlbWFfdmVyc2lvbiI6IjEifQ==",
          "dependencies": [
            "github_branch.master",
            "github_repository.repo-devops-terraform"
          ]
        }
      ]
    },
    {
      "mode": "managed",
      "type": "github_repository",
      "name": "repo-devops-terraform",
      "provider": "provider[\"registry.terraform.io/integrations/github\"]",
      "instances": [
        {
          "schema_version": 1,
          "attributes": {
            "allow_auto_merge": false,
            "allow_merge_commit": true,
            "allow_rebase_merge": true,
            "allow_squash_merge": true,
            "allow_update_branch": false,
            "archive_on_destroy": null,
            "archived": false,
            "auto_init": true,
            "default_branch": "main",
            "delete_branch_on_merge": false,
            "description": "smth",
            "etag": "W/\"ba10204e7ddd17ff2b2e08504a8e2c16631ab8c757f12cbd85ab28ca69ce4de2\"",
            "full_name": "habur331/devops-terraform",
            "git_clone_url": "git://github.com/habur331/devops-terraform.git",
            "gitignore_template": null,
            "has_discussions": false,
            "has_downloads": false,
            "has_issues": false,
            "has_projects": false,
            "has_wiki": false,
            "homepage_url": "",
            "html_url": "https://github.com/habur331/devops-terraform",
            "http_clone_url": "https://github.com/habur331/devops-terraform.git",
            "id": "devops-terraform",
            "ignore_vulnerability_alerts_during_read": null,
            "is_template": false,
            "license_template": null,
            "merge_commit_message": "PR_TITLE",
            "merge_commit_title": "MERGE_MESSAGE",
            "name": "devops-terraform",
            "node_id": "R_kgDOLcAKjA",
            "pages": [],
            "primary_language": "",
            "private": false,
            "repo_id": 767560332,
            "security_and_analysis": [
              {
                "advanced_security": [],
                "secret_scanning": [
                  {
                    "status": "disabled"
                  }
                ],
                "secret_scanning_push_protection": [
                  {
                    "status": "disabled"
                  }
                ]
              }
            ],
            "squash_merge_commit_message": "COMMIT_MESSAGES",
            "squash_merge_commit_title": "COMMIT_OR_PR_TITLE",
            "ssh_clone_url": "git@github.com:habur331/devops-terraform.git",
            "svn_url": "https://github.com/habur331/devops-terraform",
            "template": [],
            "topics": [],
            "visibility": "public",
            "vulnerability_alerts": false,
            "web_commit_signoff_required": false
          },
          "sensitive_attributes": [],
          "private": "eyJzY2hlbWFfdmVyc2lvbiI6IjEifQ=="
        }
      ]
    }
  ],
  "check_results": null
}
