{
  "version": 4,
  "terraform_version": "1.7.4",
  "serial": 1,
  "lineage": "7b82d6ab-acfd-1f44-0b11-df177f6c2181",
  "outputs": {},
  "resources": [
    {
      "mode": "managed",
      "type": "github_repository",
      "name": "repo",
      "provider": "provider[\"registry.terraform.io/integrations/github\"]",
      "instances": [
        {
          "schema_version": 1,
          "attributes": {
            "allow_auto_merge": false,
            "allow_merge_commit": true,
            "allow_rebase_merge": true,
            "allow_squash_merge": true,
            "allow_update_branch": false,
            "archive_on_destroy": null,
            "archived": false,
            "auto_init": null,
            "default_branch": "main",
            "delete_branch_on_merge": false,
            "description": "Terraform solution for lab4",
            "etag": "W/\"924db14e7d7b0b07d902747b2d783b32c364781cb403f4b4f60fb5c028be88e7\"",
            "full_name": "a1kuat/S24-devops-lab4",
            "git_clone_url": "git://github.com/a1kuat/S24-devops-lab4.git",
            "gitignore_template": null,
            "has_discussions": false,
            "has_downloads": false,
            "has_issues": false,
            "has_projects": false,
            "has_wiki": false,
            "homepage_url": "",
            "html_url": "https://github.com/a1kuat/S24-devops-lab4",
            "http_clone_url": "https://github.com/a1kuat/S24-devops-lab4.git",
            "id": "S24-devops-lab4",
            "ignore_vulnerability_alerts_during_read": null,
            "is_template": false,
            "license_template": null,
            "merge_commit_message": "PR_TITLE",
            "merge_commit_title": "MERGE_MESSAGE",
            "name": "S24-devops-lab4",
            "node_id": "R_kgDOLZE5kw",
            "pages": [],
            "primary_language": "",
            "private": false,
            "repo_id": 764492179,
            "security_and_analysis": [
              {
                "advanced_security": [],
                "secret_scanning": [
                  {
                    "status": "disabled"
                  }
                ],
                "secret_scanning_push_protection": [
                  {
                    "status": "disabled"
                  }
                ]
              }
            ],
            "squash_merge_commit_message": "COMMIT_MESSAGES",
            "squash_merge_commit_title": "COMMIT_OR_PR_TITLE",
            "ssh_clone_url": "git@github.com:a1kuat/S24-devops-lab4.git",
            "svn_url": "https://github.com/a1kuat/S24-devops-lab4",
            "template": [],
            "topics": [],
            "visibility": "public",
            "vulnerability_alerts": false,
            "web_commit_signoff_required": false
          },
          "sensitive_attributes": [],
          "private": "eyJzY2hlbWFfdmVyc2lvbiI6IjEifQ=="
        }
      ]
    }
  ],
  "check_results": null
}
