{
  "version": 4,
  "terraform_version": "1.7.4",
  "serial": 9,
  "lineage": "b13b55db-bf62-16cb-2256-060c81747998",
  "outputs": {},
  "resources": [
    {
      "mode": "managed",
      "type": "github_branch_default",
      "name": "main",
      "provider": "provider[\"registry.terraform.io/integrations/github\"]",
      "instances": [
        {
          "schema_version": 0,
          "attributes": {
            "branch": "main",
            "id": "S23-DevOps-Terraform",
            "repository": "S23-DevOps-Terraform"
          },
          "sensitive_attributes": [],
          "private": "bnVsbA==",
          "dependencies": [
            "github_repository.S23-DevOps-Terraform"
          ]
        }
      ]
    },
    {
      "mode": "managed",
      "type": "github_branch_protection",
      "name": "default",
      "provider": "provider[\"registry.terraform.io/integrations/github\"]",
      "instances": [
        {
          "schema_version": 1,
          "attributes": {
            "allows_deletions": false,
            "allows_force_pushes": false,
            "blocks_creations": false,
            "enforce_admins": true,
            "id": "BPR_kwDOLXbKS84C0Y1a",
            "pattern": "main",
            "push_restrictions": null,
            "repository_id": "S23-DevOps-Terraform",
            "require_conversation_resolution": true,
            "require_signed_commits": false,
            "required_linear_history": false,
            "required_pull_request_reviews": [
              {
                "dismiss_stale_reviews": false,
                "dismissal_restrictions": null,
                "pull_request_bypassers": null,
                "require_code_owner_reviews": false,
                "required_approving_review_count": 1,
                "restrict_dismissals": false
              }
            ],
            "required_status_checks": []
          },
          "sensitive_attributes": [],
          "private": "eyJzY2hlbWFfdmVyc2lvbiI6IjEifQ==",
          "dependencies": [
            "github_branch_default.main",
            "github_repository.S23-DevOps-Terraform"
          ]
        }
      ]
    },
    {
      "mode": "managed",
      "type": "github_repository",
      "name": "S23-DevOps-Terraform",
      "provider": "provider[\"registry.terraform.io/integrations/github\"]",
      "instances": [
        {
          "schema_version": 0,
          "attributes": {
            "allow_auto_merge": false,
            "allow_merge_commit": true,
            "allow_rebase_merge": true,
            "allow_squash_merge": true,
            "archive_on_destroy": null,
            "archived": false,
            "auto_init": true,
            "branches": [
              {
                "name": "main",
                "protected": false
              }
            ],
            "default_branch": "main",
            "delete_branch_on_merge": false,
            "description": "My awesome devops terraform",
            "etag": "W/\"1b6b6aa0e12681b12264d394a24c81f8af79d01c1d19081cb34dc6f83c4f7ae0\"",
            "full_name": "SokolOFFF/S23-DevOps-Terraform",
            "git_clone_url": "git://github.com/SokolOFFF/S23-DevOps-Terraform.git",
            "gitignore_template": "Python",
            "has_downloads": false,
            "has_issues": true,
            "has_projects": false,
            "has_wiki": true,
            "homepage_url": "",
            "html_url": "https://github.com/SokolOFFF/S23-DevOps-Terraform",
            "http_clone_url": "https://github.com/SokolOFFF/S23-DevOps-Terraform.git",
            "id": "S23-DevOps-Terraform",
            "ignore_vulnerability_alerts_during_read": null,
            "is_template": false,
            "license_template": "mit",
            "merge_commit_message": "PR_TITLE",
            "merge_commit_title": "MERGE_MESSAGE",
            "name": "S23-DevOps-Terraform",
            "node_id": "R_kgDOLXbKSw",
            "pages": [],
            "private": false,
            "repo_id": 762759755,
            "squash_merge_commit_message": "COMMIT_MESSAGES",
            "squash_merge_commit_title": "COMMIT_OR_PR_TITLE",
            "ssh_clone_url": "git@github.com:SokolOFFF/S23-DevOps-Terraform.git",
            "svn_url": "https://github.com/SokolOFFF/S23-DevOps-Terraform",
            "template": [],
            "topics": null,
            "visibility": "public",
            "vulnerability_alerts": false
          },
          "sensitive_attributes": [],
          "private": "bnVsbA=="
        }
      ]
    }
  ],
  "check_results": null
}
