{
  "version": 4,
  "terraform_version": "1.7.3",
  "serial": 1,
  "lineage": "885f3fb7-0e48-2347-a228-5250dbeec8cf",
  "outputs": {},
  "resources": [
    {
      "mode": "managed",
      "type": "github_repository",
      "name": "devops24",
      "provider": "provider[\"registry.terraform.io/integrations/github\"]",
      "instances": [
        {
          "schema_version": 1,
          "attributes": {
            "allow_auto_merge": false,
            "allow_merge_commit": true,
            "allow_rebase_merge": true,
            "allow_squash_merge": true,
            "allow_update_branch": false,
            "archive_on_destroy": null,
            "archived": false,
            "auto_init": false,
            "default_branch": "main",
            "delete_branch_on_merge": false,
            "description": "",
            "etag": "W/\"1a699db6456942f15893926e86146ca664e612a3c8b6914d53d9a94820e65060\"",
            "full_name": "FurryLord/DevOps24",
            "git_clone_url": "git://github.com/FurryLord/DevOps24.git",
            "gitignore_template": null,
            "has_discussions": false,
            "has_downloads": true,
            "has_issues": false,
            "has_projects": true,
            "has_wiki": true,
            "homepage_url": "",
            "html_url": "https://github.com/FurryLord/DevOps24",
            "http_clone_url": "https://github.com/FurryLord/DevOps24.git",
            "id": "devops24",
            "ignore_vulnerability_alerts_during_read": null,
            "is_template": false,
            "license_template": null,
            "merge_commit_message": "PR_TITLE",
            "merge_commit_title": "MERGE_MESSAGE",
            "name": "devops24",
            "node_id": "R_kgDOLMbXcg",
            "pages": [
              {
                "build_type": "legacy",
                "cname": "",
                "custom_404": false,
                "html_url": "https://furrylord.github.io/DevOps24/",
                "source": [
                  {
                    "branch": "lab3",
                    "path": "/"
                  }
                ],
                "status": "built",
                "url": "https://api.github.com/repos/FurryLord/DevOps24/pages"
              }
            ],
            "primary_language": "Python",
            "private": false,
            "repo_id": 751228786,
            "security_and_analysis": [
              {
                "advanced_security": [],
                "secret_scanning": [
                  {
                    "status": "disabled"
                  }
                ],
                "secret_scanning_push_protection": [
                  {
                    "status": "disabled"
                  }
                ]
              }
            ],
            "squash_merge_commit_message": "COMMIT_MESSAGES",
            "squash_merge_commit_title": "COMMIT_OR_PR_TITLE",
            "ssh_clone_url": "git@github.com:FurryLord/DevOps24.git",
            "svn_url": "https://github.com/FurryLord/DevOps24",
            "template": [],
            "topics": [],
            "visibility": "public",
            "vulnerability_alerts": false,
            "web_commit_signoff_required": false
          },
          "sensitive_attributes": [],
          "private": "eyJzY2hlbWFfdmVyc2lvbiI6IjEifQ=="
        }
      ]
    }
  ],
  "check_results": null
}
