{
  "version": 4,
  "terraform_version": "1.8.0",
  "serial": 12,
  "lineage": "51f1f305-76f9-fedb-b407-f2db4f5c3d40",
  "outputs": {},
  "resources": [
    {
      "mode": "managed",
      "type": "github_branch_default",
      "name": "main",
      "provider": "provider[\"registry.terraform.io/integrations/github\"]",
      "instances": [
        {
          "schema_version": 0,
          "attributes": {
            "branch": "main",
            "id": "S24-core-course-labs",
            "repository": "S24-core-course-labs"
          },
          "sensitive_attributes": [],
          "private": "bnVsbA==",
          "dependencies": [
            "github_repository.repo"
          ]
        }
      ]
    },
    {
      "mode": "managed",
      "type": "github_branch_protection",
      "name": "default",
      "provider": "provider[\"registry.terraform.io/integrations/github\"]",
      "instances": [
        {
          "schema_version": 1,
          "attributes": {
            "allows_deletions": false,
            "allows_force_pushes": false,
            "blocks_creations": false,
            "enforce_admins": true,
            "id": "BPR_kwDOLOPfg84C0xJ7",
            "pattern": "main",
            "push_restrictions": [],
            "repository_id": "S24-core-course-labs",
            "require_conversation_resolution": true,
            "require_signed_commits": false,
            "required_linear_history": false,
            "required_pull_request_reviews": [
              {
                "dismiss_stale_reviews": false,
                "dismissal_restrictions": [],
                "pull_request_bypassers": [],
                "require_code_owner_reviews": false,
                "required_approving_review_count": 1,
                "restrict_dismissals": false
              }
            ],
            "required_status_checks": []
          },
          "sensitive_attributes": [],
          "private": "eyJzY2hlbWFfdmVyc2lvbiI6IjEifQ==",
          "dependencies": [
            "github_branch_default.main",
            "github_repository.repo"
          ]
        }
      ]
    },
    {
      "mode": "managed",
      "type": "github_repository",
      "name": "repo",
      "provider": "provider[\"registry.terraform.io/integrations/github\"]",
      "instances": [
        {
          "schema_version": 0,
          "attributes": {
            "allow_auto_merge": false,
            "allow_merge_commit": true,
            "allow_rebase_merge": true,
            "allow_squash_merge": true,
            "archive_on_destroy": null,
            "archived": false,
            "auto_init": true,
            "branches": [
              {
                "name": "lab1",
                "protected": false
              },
              {
                "name": "lab2",
                "protected": false
              },
              {
                "name": "lab3",
                "protected": false
              },
              {
                "name": "lab4",
                "protected": false
              },
              {
                "name": "main",
                "protected": true
              }
            ],
            "default_branch": "main",
            "delete_branch_on_merge": false,
            "description": "Innopolis University DevOps course labs solutions.",
            "etag": "W/\"6b82876923971c1d9ead55683fc4d1c12f540b7fb58e335f45a5202a7303d96e\"",
            "full_name": "Test-devops-organization/S24-core-course-labs",
            "git_clone_url": "git://github.com/Test-devops-organization/S24-core-course-labs.git",
            "gitignore_template": "VisualStudio",
            "has_downloads": false,
            "has_issues": true,
            "has_projects": true,
            "has_wiki": true,
            "homepage_url": "",
            "html_url": "https://github.com/Test-devops-organization/S24-core-course-labs",
            "http_clone_url": "https://github.com/Test-devops-organization/S24-core-course-labs.git",
            "id": "S24-core-course-labs",
            "ignore_vulnerability_alerts_during_read": null,
            "is_template": false,
            "license_template": "mit",
            "merge_commit_message": "PR_TITLE",
            "merge_commit_title": "MERGE_MESSAGE",
            "name": "S24-core-course-labs",
            "node_id": "R_kgDOLOPfgw",
            "pages": [],
            "private": false,
            "repo_id": 753131395,
            "squash_merge_commit_message": "COMMIT_MESSAGES",
            "squash_merge_commit_title": "COMMIT_OR_PR_TITLE",
            "ssh_clone_url": "git@github.com:Test-devops-organization/S24-core-course-labs.git",
            "svn_url": "https://github.com/Test-devops-organization/S24-core-course-labs",
            "template": [],
            "topics": [],
            "visibility": "public",
            "vulnerability_alerts": false
          },
          "sensitive_attributes": [],
          "private": "bnVsbA=="
        }
      ]
    },
    {
      "mode": "managed",
      "type": "github_team",
      "name": "team1",
      "provider": "provider[\"registry.terraform.io/integrations/github\"]",
      "instances": [
        {
          "schema_version": 0,
          "attributes": {
            "create_default_maintainer": false,
            "description": "My new team 1 for use with Terraform",
            "etag": "W/\"4e0651d74d477b48264719af874ee9ac80cd2145b33f5ac411c86459d88c9d2f\"",
            "id": "9573632",
            "ldap_dn": "",
            "members_count": 0,
            "name": "Team 1",
            "node_id": "T_kwDOCaDDvM4AkhUA",
            "parent_team_id": null,
            "privacy": "closed",
            "slug": "team-1"
          },
          "sensitive_attributes": [],
          "private": "bnVsbA=="
        }
      ]
    },
    {
      "mode": "managed",
      "type": "github_team",
      "name": "team2",
      "provider": "provider[\"registry.terraform.io/integrations/github\"]",
      "instances": [
        {
          "schema_version": 0,
          "attributes": {
            "create_default_maintainer": false,
            "description": "My new team 2 for use with Terraform",
            "etag": "W/\"fcaede57caaa41c070417d7e0be250eebee320e57110f0c0052a7d2d8e123f25\"",
            "id": "9573631",
            "ldap_dn": "",
            "members_count": 0,
            "name": "Team 2",
            "node_id": "T_kwDOCaDDvM4AkhT_",
            "parent_team_id": null,
            "privacy": "closed",
            "slug": "team-2"
          },
          "sensitive_attributes": [],
          "private": "bnVsbA=="
        }
      ]
    },
    {
      "mode": "managed",
      "type": "github_team",
      "name": "team3",
      "provider": "provider[\"registry.terraform.io/integrations/github\"]",
      "instances": [
        {
          "schema_version": 0,
          "attributes": {
            "create_default_maintainer": false,
            "description": "My new team 3 for use with Terraform",
            "etag": "W/\"b6a0b85671481fec3db4d8ec107824ac88f75a228d0b2086eb5d9779bec72a87\"",
            "id": "9573633",
            "ldap_dn": "",
            "members_count": 0,
            "name": "Team 3",
            "node_id": "T_kwDOCaDDvM4AkhUB",
            "parent_team_id": null,
            "privacy": "closed",
            "slug": "team-3"
          },
          "sensitive_attributes": [],
          "private": "bnVsbA=="
        }
      ]
    },
    {
      "mode": "managed",
      "type": "github_team_repository",
      "name": "team-repo1",
      "provider": "provider[\"registry.terraform.io/integrations/github\"]",
      "instances": [
        {
          "schema_version": 0,
          "attributes": {
            "etag": "W/\"be9815868f6f40c28ad751362eda4f76343114b44dbc2025453d539f215bd7e5\"",
            "id": "9573632:S24-core-course-labs",
            "permission": "pull",
            "repository": "S24-core-course-labs",
            "team_id": "9573632"
          },
          "sensitive_attributes": [],
          "private": "bnVsbA==",
          "dependencies": [
            "github_repository.repo",
            "github_team.team1"
          ]
        }
      ]
    },
    {
      "mode": "managed",
      "type": "github_team_repository",
      "name": "team-repo2",
      "provider": "provider[\"registry.terraform.io/integrations/github\"]",
      "instances": [
        {
          "schema_version": 0,
          "attributes": {
            "etag": "W/\"02266144966f7fb0c01c11f3ef329f536e809e08b5a93af92ca733d71c886f8e\"",
            "id": "9573631:S24-core-course-labs",
            "permission": "push",
            "repository": "S24-core-course-labs",
            "team_id": "9573631"
          },
          "sensitive_attributes": [],
          "private": "bnVsbA==",
          "dependencies": [
            "github_repository.repo",
            "github_team.team2"
          ]
        }
      ]
    },
    {
      "mode": "managed",
      "type": "github_team_repository",
      "name": "team-repo3",
      "provider": "provider[\"registry.terraform.io/integrations/github\"]",
      "instances": [
        {
          "schema_version": 0,
          "attributes": {
            "etag": "W/\"463bfa536eed3d70b242458fe94681f563f6e63de9194defd1cefd94cb1aab53\"",
            "id": "9573633:S24-core-course-labs",
            "permission": "admin",
            "repository": "S24-core-course-labs",
            "team_id": "9573633"
          },
          "sensitive_attributes": [],
          "private": "bnVsbA==",
          "dependencies": [
            "github_repository.repo",
            "github_team.team3"
          ]
        }
      ]
    }
  ],
  "check_results": null
}
