{
  "version": 4,
  "terraform_version": "1.5.7",
  "serial": 12,
  "lineage": "4c8fae4c-745f-0563-3434-a10ae5c48de9",
  "outputs": {},
  "resources": [
    {
      "mode": "managed",
      "type": "github_branch_default",
      "name": "main",
      "provider": "provider[\"registry.terraform.io/integrations/github\"]",
      "instances": []
    },
    {
      "mode": "managed",
      "type": "github_branch_protection",
      "name": "default",
      "provider": "provider[\"registry.terraform.io/integrations/github\"]",
      "instances": []
    },
    {
      "mode": "managed",
      "type": "github_repository",
      "name": "repo",
      "provider": "provider[\"registry.terraform.io/integrations/github\"]",
      "instances": [
        {
          "status": "tainted",
          "schema_version": 1,
          "attributes": {
            "allow_auto_merge": false,
            "allow_merge_commit": true,
            "allow_rebase_merge": true,
            "allow_squash_merge": true,
            "allow_update_branch": null,
            "archive_on_destroy": null,
            "archived": false,
            "auto_init": true,
            "default_branch": null,
            "delete_branch_on_merge": false,
            "description": "Sample Lab4 DevOps",
            "etag": null,
            "full_name": null,
            "git_clone_url": null,
            "gitignore_template": null,
            "has_discussions": null,
            "has_downloads": true,
            "has_issues": true,
            "has_projects": true,
            "has_wiki": true,
            "homepage_url": null,
            "html_url": null,
            "http_clone_url": null,
            "id": "sample-repo-3",
            "ignore_vulnerability_alerts_during_read": null,
            "is_template": null,
            "license_template": null,
            "merge_commit_message": "PR_TITLE",
            "merge_commit_title": "MERGE_MESSAGE",
            "name": "sample-repo-3",
            "node_id": null,
            "pages": [],
            "primary_language": null,
            "private": null,
            "repo_id": null,
            "security_and_analysis": null,
            "squash_merge_commit_message": "COMMIT_MESSAGES",
            "squash_merge_commit_title": "COMMIT_OR_PR_TITLE",
            "ssh_clone_url": null,
            "svn_url": null,
            "template": [],
            "topics": [],
            "visibility": "public",
            "vulnerability_alerts": null,
            "web_commit_signoff_required": false
          },
          "sensitive_attributes": [],
          "private": "eyJzY2hlbWFfdmVyc2lvbiI6IjEifQ=="
        }
      ]
    }
  ],
  "check_results": null
}
