{
  "version": 4,
  "terraform_version": "1.7.3",
  "serial": 16,
  "lineage": "5968993e-b389-d92c-c86d-57d73ee38397",
  "outputs": {},
  "resources": [
    {
      "mode": "managed",
      "type": "github_branch_default",
      "name": "main",
      "provider": "provider[\"registry.terraform.io/integrations/github\"]",
      "instances": [
        {
          "schema_version": 0,
          "attributes": {
            "branch": "main",
            "id": "S24-DevOps-labs",
            "repository": "S24-DevOps-labs"
          },
          "sensitive_attributes": [],
          "private": "bnVsbA==",
          "dependencies": [
            "github_repository.S24-DevOps-labs"
          ]
        }
      ]
    },
    {
      "mode": "managed",
      "type": "github_branch_protection",
      "name": "default",
      "provider": "provider[\"registry.terraform.io/integrations/github\"]",
      "instances": [
        {
          "schema_version": 1,
          "attributes": {
            "allows_deletions": false,
            "allows_force_pushes": false,
            "blocks_creations": false,
            "enforce_admins": true,
            "id": "BPR_kwDOLNu5JM4C0d9q",
            "pattern": "main",
            "push_restrictions": null,
            "repository_id": "S24-DevOps-labs",
            "require_conversation_resolution": true,
            "require_signed_commits": false,
            "required_linear_history": false,
            "required_pull_request_reviews": [
              {
                "dismiss_stale_reviews": false,
                "dismissal_restrictions": null,
                "pull_request_bypassers": null,
                "require_code_owner_reviews": false,
                "required_approving_review_count": 1,
                "restrict_dismissals": false
              }
            ],
            "required_status_checks": []
          },
          "sensitive_attributes": [],
          "private": "eyJzY2hlbWFfdmVyc2lvbiI6IjEifQ==",
          "dependencies": [
            "github_branch_default.main",
            "github_repository.S24-DevOps-labs"
          ]
        }
      ]
    },
    {
      "mode": "managed",
      "type": "github_repository",
      "name": "S24-DevOps-labs",
      "provider": "provider[\"registry.terraform.io/integrations/github\"]",
      "instances": [
        {
          "schema_version": 0,
          "attributes": {
            "allow_auto_merge": false,
            "allow_merge_commit": true,
            "allow_rebase_merge": true,
            "allow_squash_merge": true,
            "archive_on_destroy": null,
            "archived": false,
            "auto_init": true,
            "branches": [
              {
                "name": "lab1",
                "protected": false
              },
              {
                "name": "lab2",
                "protected": false
              },
              {
                "name": "lab3",
                "protected": false
              },
              {
                "name": "lab4",
                "protected": false
              },
              {
                "name": "main",
                "protected": false
              }
            ],
            "default_branch": "main",
            "delete_branch_on_merge": false,
            "description": "This is a repository for the DevOps Core Course Labs",
            "etag": "W/\"9a0cfa8ce1db206cdd6a4a90aff7158bb344e1ce6387fec4a6415ff586fa4fae\"",
            "full_name": "r-mol/S24-DevOps-labs",
            "git_clone_url": "git://github.com/r-mol/S24-DevOps-labs.git",
            "gitignore_template": "Python",
            "has_downloads": false,
            "has_issues": true,
            "has_projects": false,
            "has_wiki": true,
            "homepage_url": "",
            "html_url": "https://github.com/r-mol/S24-DevOps-labs",
            "http_clone_url": "https://github.com/r-mol/S24-DevOps-labs.git",
            "id": "S24-DevOps-labs",
            "ignore_vulnerability_alerts_during_read": null,
            "is_template": false,
            "license_template": "mit",
            "merge_commit_message": "PR_TITLE",
            "merge_commit_title": "MERGE_MESSAGE",
            "name": "S24-DevOps-labs",
            "node_id": "R_kgDOLNu5JA",
            "pages": [],
            "private": false,
            "repo_id": 752597284,
            "squash_merge_commit_message": "COMMIT_MESSAGES",
            "squash_merge_commit_title": "COMMIT_OR_PR_TITLE",
            "ssh_clone_url": "git@github.com:r-mol/S24-DevOps-labs.git",
            "svn_url": "https://github.com/r-mol/S24-DevOps-labs",
            "template": [],
            "topics": [],
            "visibility": "public",
            "vulnerability_alerts": false
          },
          "sensitive_attributes": [],
          "private": "bnVsbA=="
        }
      ]
    }
  ],
  "check_results": null
}
