{
  "version": 4,
  "terraform_version": "1.7.4",
  "serial": 36,
  "lineage": "75d8082f-2b47-a6d3-737c-f0e67f7cb396",
  "outputs": {
    "container_id": {
      "value": "f374cd63fa07cc2943af2bab7f98a84ba048af8c6b7835cbb90cbebdbc41f461",
      "type": "string"
    },
    "image_id": {
      "value": "sha256:96e3884a621bc212a1594ef2e9399b47aa5e0f8bb40a3eb16a351ae77ab3a46fguzelzakirova/moscow-time-app:1.0.0",
      "type": "string"
    }
  },
  "resources": [
    {
      "mode": "managed",
      "type": "docker_container",
      "name": "moscow-time-app",
      "provider": "provider[\"registry.terraform.io/kreuzwerker/docker\"]",
      "instances": [
        {
          "schema_version": 2,
          "attributes": {
            "attach": false,
            "bridge": "",
            "capabilities": [],
            "cgroupns_mode": null,
            "command": [
              "python",
              "src/main.py",
              "0.0.0.0",
              "8000"
            ],
            "container_logs": null,
            "container_read_refresh_timeout_milliseconds": 15000,
            "cpu_set": "",
            "cpu_shares": 0,
            "destroy_grace_seconds": null,
            "devices": [],
            "dns": null,
            "dns_opts": null,
            "dns_search": null,
            "domainname": "",
            "entrypoint": [],
            "env": [],
            "exit_code": null,
            "gpus": null,
            "group_add": null,
            "healthcheck": null,
            "host": [],
            "hostname": "f374cd63fa07",
            "id": "f374cd63fa07cc2943af2bab7f98a84ba048af8c6b7835cbb90cbebdbc41f461",
            "image": "sha256:96e3884a621bc212a1594ef2e9399b47aa5e0f8bb40a3eb16a351ae77ab3a46f",
            "init": false,
            "ipc_mode": "private",
            "labels": [],
            "log_driver": "json-file",
            "log_opts": null,
            "logs": false,
            "max_retry_count": 0,
            "memory": 0,
            "memory_swap": 0,
            "mounts": [],
            "must_run": true,
            "name": "moscow-time-app",
            "network_data": [
              {
                "gateway": "172.17.0.1",
                "global_ipv6_address": "",
                "global_ipv6_prefix_length": 0,
                "ip_address": "172.17.0.2",
                "ip_prefix_length": 16,
                "ipv6_gateway": "",
                "mac_address": "02:42:ac:11:00:02",
                "network_name": "bridge"
              }
            ],
            "network_mode": "default",
            "networks_advanced": [],
            "pid_mode": "",
            "ports": [
              {
                "external": 8000,
                "internal": 8000,
                "ip": "0.0.0.0",
                "protocol": "tcp"
              }
            ],
            "privileged": false,
            "publish_all_ports": false,
            "read_only": false,
            "remove_volumes": true,
            "restart": "no",
            "rm": false,
            "runtime": "runc",
            "security_opts": [],
            "shm_size": 64,
            "start": true,
            "stdin_open": false,
            "stop_signal": "",
            "stop_timeout": 0,
            "storage_opts": null,
            "sysctls": null,
            "tmpfs": null,
            "tty": false,
            "ulimit": [],
            "upload": [],
            "user": "",
            "userns_mode": "",
            "volumes": [],
            "wait": false,
            "wait_timeout": 60,
            "working_dir": "/app"
          },
          "sensitive_attributes": [],
          "private": "eyJzY2hlbWFfdmVyc2lvbiI6IjIifQ==",
          "dependencies": [
            "docker_image.moscow-time-app"
          ]
        }
      ]
    },
    {
      "mode": "managed",
      "type": "docker_image",
      "name": "moscow-time-app",
      "provider": "provider[\"registry.terraform.io/kreuzwerker/docker\"]",
      "instances": [
        {
          "schema_version": 0,
          "attributes": {
            "build": [],
            "force_remove": null,
            "id": "sha256:96e3884a621bc212a1594ef2e9399b47aa5e0f8bb40a3eb16a351ae77ab3a46fguzelzakirova/moscow-time-app:1.0.0",
            "image_id": "sha256:96e3884a621bc212a1594ef2e9399b47aa5e0f8bb40a3eb16a351ae77ab3a46f",
            "keep_locally": false,
            "name": "guzelzakirova/moscow-time-app:1.0.0",
            "platform": null,
            "pull_triggers": null,
            "repo_digest": "guzelzakirova/moscow-time-app@sha256:5242765245a643ad42b20a8e8296e504e94278bfce4d15310cdde33cc0d54a2d",
            "triggers": null
          },
          "sensitive_attributes": [],
          "private": "bnVsbA=="
        }
      ]
    }
  ],
  "check_results": null
}
