{
  "version": 4,
  "terraform_version": "1.7.4",
  "serial": 26,
  "lineage": "4ada1fa2-20af-c581-3e12-3d53eb80a504",
  "outputs": {
    "network_id": {
      "value": "enppg11govojmhamum2d",
      "type": "string"
    },
    "subnet_id": {
      "value": "e9b5nfq8q0c6vd80eoum",
      "type": "string"
    }
  },
  "resources": [
    {
      "mode": "managed",
      "type": "yandex_compute_disk",
      "name": "boot-disk-1",
      "provider": "provider[\"registry.terraform.io/yandex-cloud/yandex\"]",
      "instances": [
        {
          "schema_version": 0,
          "attributes": {
            "allow_recreate": null,
            "block_size": 4096,
            "created_at": "2024-02-27T22:07:17Z",
            "description": "",
            "disk_placement_policy": [
              {
                "disk_placement_group_id": ""
              }
            ],
            "folder_id": "b1g74pecf3ifm06nl8rt",
            "id": "fhmccebi80j2ibmupfnt",
            "image_id": "fd8auu58m9ic4rtekngm",
            "labels": null,
            "name": "boot-disk-1",
            "product_ids": [
              "f2eukfbpru6me6o1vj06"
            ],
            "size": 20,
            "snapshot_id": "",
            "status": "ready",
            "timeouts": null,
            "type": "network-hdd",
            "zone": "ru-central1-a"
          },
          "sensitive_attributes": [],
          "private": "eyJlMmJmYjczMC1lY2FhLTExZTYtOGY4OC0zNDM2M2JjN2M0YzAiOnsiY3JlYXRlIjozMDAwMDAwMDAwMDAsImRlbGV0ZSI6MzAwMDAwMDAwMDAwLCJ1cGRhdGUiOjMwMDAwMDAwMDAwMH19"
        }
      ]
    },
    {
      "mode": "managed",
      "type": "yandex_compute_instance",
      "name": "vm-1",
      "provider": "provider[\"registry.terraform.io/yandex-cloud/yandex\"]",
      "instances": [
        {
          "schema_version": 1,
          "attributes": {
            "allow_recreate": null,
            "allow_stopping_for_update": null,
            "boot_disk": [
              {
                "auto_delete": true,
                "device_name": "fhmccebi80j2ibmupfnt",
                "disk_id": "fhmccebi80j2ibmupfnt",
                "initialize_params": [
                  {
                    "block_size": 4096,
                    "description": "",
                    "image_id": "fd8auu58m9ic4rtekngm",
                    "name": "boot-disk-1",
                    "size": 20,
                    "snapshot_id": "",
                    "type": "network-hdd"
                  }
                ],
                "mode": "READ_WRITE"
              }
            ],
            "created_at": "2024-02-27T22:07:26Z",
            "description": "",
            "filesystem": [],
            "folder_id": "b1g74pecf3ifm06nl8rt",
            "fqdn": "fhmsfc9ljku7e3ps5eil.auto.internal",
            "gpu_cluster_id": "",
            "hostname": "",
            "id": "fhmsfc9ljku7e3ps5eil",
            "labels": null,
            "local_disk": [],
            "maintenance_grace_period": "",
            "maintenance_policy": null,
            "metadata": {
              "ssh-keys": "ubuntu:ssh-rsa AAAAB3NzaC1yc2EAAAADAQABAAACAQC79Io4sBpu8sOKea9iXtCevz/y96T67hmd174JYsblH3PfO1017uou6FgWAT+w1LXrZOAJr9ubp+UvgB796Ct9PAwhVW7AcW91fi9lZUnNcTsmm6ndNuEqjxi26L2VJrauozZvEEg+ElgbIwQNYCwiFTqT2O9Ukf+FotExeOdLkCHzyJwHUzDab0aLwcHzLbSdPGbuQheCv6ADnYx4zFpJKPeamy50waKUo3m5/QxE/zkg/EuGzsiDBUeUzTOSj06+SkgXyGBBwWxBgQPW4ElMulVijjCd0vsi8jWQpzjG15Lhk7m/lbNA+XUh6zIbd4TbCXPJISAS/sGsILLI3pl+alBO9Z6sv9xEm0bEo8V3OZzZj/aiF5pBiu7QNb77qOCUAIrII0KS94igsQ2J3yXzPLXhl2wY/mORX5Q67DL+RHUBgO6oI42C7FOdx3fK4s05+gcP6lOtO2p96uCV2zHNDlMEynt4RvppzEwGuFRIRYg8Ez3TiD8nNJPyPiEiRFr3lRQeFIBkP3ZboxvrnUoxcReMbZtxmAtMaX5ws7c9BjpIhTdBATd24Hh/2q1HlU+Q8geV2QkjI23CnR7MiD21Hw1wtH2G1ZxKZIEKqp/W4U2C0+7wJ+qlRPVCgq3Z4N0CLHjqmder705tBPHl/w6ovVt6G169xwjywKCsZ1yuDw== nfedorovich@nfedorovich-linux\n"
            },
            "metadata_options": [
              {
                "aws_v1_http_endpoint": 1,
                "aws_v1_http_token": 2,
                "gce_http_endpoint": 1,
                "gce_http_token": 1
              }
            ],
            "name": "terraform1",
            "network_acceleration_type": "standard",
            "network_interface": [
              {
                "dns_record": [],
                "index": 0,
                "ip_address": "192.168.10.21",
                "ipv4": true,
                "ipv6": false,
                "ipv6_address": "",
                "ipv6_dns_record": [],
                "mac_address": "d0:0d:1c:7b:13:59",
                "nat": true,
                "nat_dns_record": [],
                "nat_ip_address": "51.250.90.45",
                "nat_ip_version": "IPV4",
                "security_group_ids": [],
                "subnet_id": "e9b5nfq8q0c6vd80eoum"
              }
            ],
            "placement_policy": [
              {
                "host_affinity_rules": [],
                "placement_group_id": "",
                "placement_group_partition": 0
              }
            ],
            "platform_id": "standard-v1",
            "resources": [
              {
                "core_fraction": 100,
                "cores": 2,
                "gpus": 0,
                "memory": 2
              }
            ],
            "scheduling_policy": [
              {
                "preemptible": false
              }
            ],
            "secondary_disk": [],
            "service_account_id": "",
            "status": "running",
            "timeouts": null,
            "zone": "ru-central1-a"
          },
          "sensitive_attributes": [],
          "private": "eyJlMmJmYjczMC1lY2FhLTExZTYtOGY4OC0zNDM2M2JjN2M0YzAiOnsiY3JlYXRlIjozMDAwMDAwMDAwMDAsImRlbGV0ZSI6MzAwMDAwMDAwMDAwLCJ1cGRhdGUiOjMwMDAwMDAwMDAwMH0sInNjaGVtYV92ZXJzaW9uIjoiMSJ9",
          "dependencies": [
            "yandex_compute_disk.boot-disk-1",
            "yandex_vpc_network.network-1",
            "yandex_vpc_subnet.subnet-1"
          ]
        }
      ]
    },
    {
      "mode": "managed",
      "type": "yandex_vpc_network",
      "name": "network-1",
      "provider": "provider[\"registry.terraform.io/yandex-cloud/yandex\"]",
      "instances": [
        {
          "schema_version": 0,
          "attributes": {
            "created_at": "2024-02-27T21:58:15Z",
            "default_security_group_id": "enpidc79djnaqn2cfrp6",
            "description": "",
            "folder_id": "b1g74pecf3ifm06nl8rt",
            "id": "enppg11govojmhamum2d",
            "labels": {},
            "name": "network1",
            "subnet_ids": [
              "e9b5nfq8q0c6vd80eoum"
            ],
            "timeouts": null
          },
          "sensitive_attributes": [],
          "private": "eyJlMmJmYjczMC1lY2FhLTExZTYtOGY4OC0zNDM2M2JjN2M0YzAiOnsiY3JlYXRlIjo2MDAwMDAwMDAwMCwiZGVsZXRlIjo2MDAwMDAwMDAwMCwidXBkYXRlIjo2MDAwMDAwMDAwMH19"
        }
      ]
    },
    {
      "mode": "managed",
      "type": "yandex_vpc_subnet",
      "name": "subnet-1",
      "provider": "provider[\"registry.terraform.io/yandex-cloud/yandex\"]",
      "instances": [
        {
          "schema_version": 0,
          "attributes": {
            "created_at": "2024-02-27T22:05:35Z",
            "description": "",
            "dhcp_options": [],
            "folder_id": "b1g74pecf3ifm06nl8rt",
            "id": "e9b5nfq8q0c6vd80eoum",
            "labels": {},
            "name": "subnet1",
            "network_id": "enppg11govojmhamum2d",
            "route_table_id": "",
            "timeouts": null,
            "v4_cidr_blocks": [
              "192.168.10.0/24"
            ],
            "v6_cidr_blocks": [],
            "zone": "ru-central1-a"
          },
          "sensitive_attributes": [],
          "private": "eyJlMmJmYjczMC1lY2FhLTExZTYtOGY4OC0zNDM2M2JjN2M0YzAiOnsiY3JlYXRlIjoxODAwMDAwMDAwMDAsImRlbGV0ZSI6MTgwMDAwMDAwMDAwLCJ1cGRhdGUiOjE4MDAwMDAwMDAwMH19",
          "dependencies": [
            "yandex_vpc_network.network-1"
          ]
        }
      ]
    }
  ],
  "check_results": null
}
