{
  "version": 4,
  "terraform_version": "1.7.4",
  "serial": 35,
  "lineage": "25d07eb4-8eb7-4a58-2f0e-f405200c5ff8",
  "outputs": {
    "container_id": {
      "value": "a6cca2a1e9e60ea34198b507a5f78afbae5acc91914ce468c0aabd90b15b49dc",
      "type": "string"
    },
    "container_name": {
      "value": "app_python",
      "type": "string"
    },
    "image_id": {
      "value": "sha256:1ab02b2d335c73d656be3262cc373cb142797d8a291d71701e248350c25b6f90sokolofff/app_python",
      "type": "string"
    },
    "image_name": {
      "value": "sokolofff/app_python",
      "type": "string"
    }
  },
  "resources": [
    {
      "mode": "managed",
      "type": "docker_container",
      "name": "app_python_container",
      "provider": "provider[\"registry.terraform.io/kreuzwerker/docker\"]",
      "instances": [
        {
          "schema_version": 2,
          "attributes": {
            "attach": false,
            "bridge": "",
            "capabilities": [],
            "cgroupns_mode": null,
            "command": [
              "python",
              "src/app.py"
            ],
            "container_logs": null,
            "container_read_refresh_timeout_milliseconds": 15000,
            "cpu_set": "",
            "cpu_shares": 0,
            "destroy_grace_seconds": null,
            "devices": [],
            "dns": null,
            "dns_opts": null,
            "dns_search": null,
            "domainname": "",
            "entrypoint": [],
            "env": [],
            "exit_code": null,
            "gpus": null,
            "group_add": null,
            "healthcheck": null,
            "host": [],
            "hostname": "a6cca2a1e9e6",
            "id": "a6cca2a1e9e60ea34198b507a5f78afbae5acc91914ce468c0aabd90b15b49dc",
            "image": "sha256:1ab02b2d335c73d656be3262cc373cb142797d8a291d71701e248350c25b6f90",
            "init": false,
            "ipc_mode": "private",
            "labels": [],
            "log_driver": "json-file",
            "log_opts": null,
            "logs": false,
            "max_retry_count": 0,
            "memory": 0,
            "memory_swap": 0,
            "mounts": [],
            "must_run": true,
            "name": "app_python",
            "network_data": [
              {
                "gateway": "172.17.0.1",
                "global_ipv6_address": "",
                "global_ipv6_prefix_length": 0,
                "ip_address": "172.17.0.2",
                "ip_prefix_length": 16,
                "ipv6_gateway": "",
                "mac_address": "02:42:ac:11:00:02",
                "network_name": "bridge"
              }
            ],
            "network_mode": "default",
            "networks_advanced": [],
            "pid_mode": "",
            "ports": [
              {
                "external": 8080,
                "internal": 8080,
                "ip": "0.0.0.0",
                "protocol": "tcp"
              }
            ],
            "privileged": false,
            "publish_all_ports": false,
            "read_only": false,
            "remove_volumes": true,
            "restart": "no",
            "rm": false,
            "runtime": "runc",
            "security_opts": [],
            "shm_size": 64,
            "start": true,
            "stdin_open": false,
            "stop_signal": "",
            "stop_timeout": 0,
            "storage_opts": null,
            "sysctls": null,
            "tmpfs": null,
            "tty": false,
            "ulimit": [],
            "upload": [],
            "user": "python:python",
            "userns_mode": "",
            "volumes": [],
            "wait": false,
            "wait_timeout": 60,
            "working_dir": "/app"
          },
          "sensitive_attributes": [],
          "private": "eyJzY2hlbWFfdmVyc2lvbiI6IjIifQ==",
          "dependencies": [
            "docker_image.app_python_image"
          ]
        }
      ]
    },
    {
      "mode": "managed",
      "type": "docker_image",
      "name": "app_python_image",
      "provider": "provider[\"registry.terraform.io/kreuzwerker/docker\"]",
      "instances": [
        {
          "schema_version": 0,
          "attributes": {
            "build": [],
            "force_remove": null,
            "id": "sha256:1ab02b2d335c73d656be3262cc373cb142797d8a291d71701e248350c25b6f90sokolofff/app_python",
            "image_id": "sha256:1ab02b2d335c73d656be3262cc373cb142797d8a291d71701e248350c25b6f90",
            "keep_locally": false,
            "name": "sokolofff/app_python",
            "platform": null,
            "pull_triggers": null,
            "repo_digest": "sokolofff/app_python@sha256:33379e57597f3eac8e023bb0063c1dcdae0dc4354e8f41d95a734ef60b4a7375",
            "triggers": null
          },
          "sensitive_attributes": [],
          "private": "bnVsbA=="
        }
      ]
    }
  ],
  "check_results": null
}
