{
  "version": 4,
  "terraform_version": "1.8.3",
  "serial": 3,
  "lineage": "1ef56c37-15fb-e63c-8014-485b981c0c4c",
  "outputs": {},
  "resources": [
    {
      "mode": "managed",
      "type": "github_repository",
      "name": "S24-core-course-labs",
      "provider": "provider[\"registry.terraform.io/integrations/github\"]",
      "instances": [
        {
          "schema_version": 1,
          "attributes": {
            "allow_auto_merge": false,
            "allow_merge_commit": true,
            "allow_rebase_merge": true,
            "allow_squash_merge": true,
            "allow_update_branch": false,
            "archive_on_destroy": null,
            "archived": false,
            "auto_init": true,
            "default_branch": "main",
            "delete_branch_on_merge": false,
            "description": "core-course-labs",
            "etag": "W/\"c46df1a2dd16ff8b0ee88ade120f75393e3243f8996a8fda70435a131cbcb2c4\"",
            "full_name": "RinRi-D/S24-core-course-labs",
            "git_clone_url": "git://github.com/RinRi-D/S24-core-course-labs.git",
            "gitignore_template": "VisualStudio",
            "has_discussions": false,
            "has_downloads": false,
            "has_issues": true,
            "has_projects": false,
            "has_wiki": true,
            "homepage_url": "",
            "html_url": "https://github.com/RinRi-D/S24-core-course-labs",
            "http_clone_url": "https://github.com/RinRi-D/S24-core-course-labs.git",
            "id": "S24-core-course-labs",
            "ignore_vulnerability_alerts_during_read": null,
            "is_template": false,
            "license_template": "mit",
            "merge_commit_message": "PR_TITLE",
            "merge_commit_title": "MERGE_MESSAGE",
            "name": "S24-core-course-labs",
            "node_id": "R_kgDOLO5ZNw",
            "pages": [],
            "primary_language": "",
            "private": false,
            "repo_id": 753817911,
            "security_and_analysis": [],
            "squash_merge_commit_message": "COMMIT_MESSAGES",
            "squash_merge_commit_title": "COMMIT_OR_PR_TITLE",
            "ssh_clone_url": "git@github.com:RinRi-D/S24-core-course-labs.git",
            "svn_url": "https://github.com/RinRi-D/S24-core-course-labs",
            "template": [],
            "topics": [],
            "visibility": "public",
            "vulnerability_alerts": false,
            "web_commit_signoff_required": false
          },
          "sensitive_attributes": []
        }
      ]
    }
  ],
  "check_results": null
}
