{
  "version": 4,
  "terraform_version": "1.9.8",
  "serial": 1,
  "lineage": "94392ceb-48d7-69b1-3af7-f70cc5d54209",
  "outputs": {},
  "resources": [
    {
      "mode": "managed",
      "type": "github_repository",
      "name": "example_repo",
      "provider": "provider[\"registry.terraform.io/integrations/github\"]",
      "instances": [
        {
          "schema_version": 1,
          "attributes": {
            "allow_auto_merge": false,
            "allow_merge_commit": true,
            "allow_rebase_merge": true,
            "allow_squash_merge": true,
            "allow_update_branch": false,
            "archive_on_destroy": null,
            "archived": false,
            "auto_init": false,
            "default_branch": "main",
            "delete_branch_on_merge": false,
            "description": "",
            "etag": "W/\"f686bf31fb08c3f2e2076d4aa4377fb617ce940cdf7dbe191619b629d228bc2e\"",
            "full_name": "aximaxxi/labs-aksinya",
            "git_clone_url": "git://github.com/aximaxxi/labs-aksinya.git",
            "gitignore_template": null,
            "has_discussions": false,
            "has_downloads": true,
            "has_issues": false,
            "has_projects": true,
            "has_wiki": true,
            "homepage_url": "",
            "html_url": "https://github.com/aximaxxi/labs-aksinya",
            "http_clone_url": "https://github.com/aximaxxi/labs-aksinya.git",
            "id": "labs-aksinya",
            "ignore_vulnerability_alerts_during_read": null,
            "is_template": false,
            "license_template": null,
            "merge_commit_message": "PR_TITLE",
            "merge_commit_title": "MERGE_MESSAGE",
            "name": "labs-aksinya",
            "node_id": "R_kgDOLR0g8A",
            "pages": [],
            "primary_language": "",
            "private": false,
            "repo_id": 756883696,
            "security_and_analysis": [
              {
                "advanced_security": [],
                "secret_scanning": [
                  {
                    "status": "disabled"
                  }
                ],
                "secret_scanning_push_protection": [
                  {
                    "status": "disabled"
                  }
                ]
              }
            ],
            "squash_merge_commit_message": "COMMIT_MESSAGES",
            "squash_merge_commit_title": "COMMIT_OR_PR_TITLE",
            "ssh_clone_url": "git@github.com:aximaxxi/labs-aksinya.git",
            "svn_url": "https://github.com/aximaxxi/labs-aksinya",
            "template": [],
            "topics": [],
            "visibility": "public",
            "vulnerability_alerts": false,
            "web_commit_signoff_required": false
          },
          "sensitive_attributes": [],
          "private": "eyJzY2hlbWFfdmVyc2lvbiI6IjEifQ=="
        }
      ]
    }
  ],
  "check_results": null
}
