{
  "version": 4,
  "terraform_version": "1.9.8",
  "serial": 6,
  "lineage": "6e803174-a7b0-855f-0858-2ab31a4a21cc",
  "outputs": {
    "repository_url": {
      "value": "https://github.com/ErnestMatskevich/Matskevich",
      "type": "string"
    }
  },
  "resources": [
    {
      "mode": "managed",
      "type": "github_branch_protection",
      "name": "main_branch_protection",
      "provider": "provider[\"registry.terraform.io/integrations/github\"]",
      "instances": [
        {
          "schema_version": 1,
          "attributes": {
            "allows_deletions": false,
            "allows_force_pushes": false,
            "blocks_creations": false,
            "enforce_admins": true,
            "force_push_bypassers": null,
            "id": "BPR_kwDOLRzoi84DX_C4",
            "lock_branch": false,
            "pattern": "main",
            "push_restrictions": null,
            "repository_id": "R_kgDOLRzoiw",
            "require_conversation_resolution": false,
            "require_signed_commits": false,
            "required_linear_history": false,
            "required_pull_request_reviews": [],
            "required_status_checks": [
              {
                "contexts": null,
                "strict": true
              }
            ]
          },
          "sensitive_attributes": [],
          "private": "eyJzY2hlbWFfdmVyc2lvbiI6IjEifQ==",
          "dependencies": [
            "github_repository.matskevich"
          ]
        }
      ]
    },
    {
      "mode": "managed",
      "type": "github_repository",
      "name": "matskevich",
      "provider": "provider[\"registry.terraform.io/integrations/github\"]",
      "instances": [
        {
          "schema_version": 1,
          "attributes": {
            "allow_auto_merge": false,
            "allow_merge_commit": true,
            "allow_rebase_merge": true,
            "allow_squash_merge": true,
            "allow_update_branch": false,
            "archive_on_destroy": null,
            "archived": false,
            "auto_init": false,
            "default_branch": "main",
            "delete_branch_on_merge": false,
            "description": "Repository with terraform",
            "etag": "W/\"c008fd8f3127e4999fb097b4a262f178c3e7f681b865962610ae7aebafec1672\"",
            "full_name": "ErnestMatskevich/Matskevich",
            "git_clone_url": "git://github.com/ErnestMatskevich/Matskevich.git",
            "gitignore_template": null,
            "has_discussions": false,
            "has_downloads": false,
            "has_issues": false,
            "has_projects": false,
            "has_wiki": false,
            "homepage_url": "",
            "html_url": "https://github.com/ErnestMatskevich/Matskevich",
            "http_clone_url": "https://github.com/ErnestMatskevich/Matskevich.git",
            "id": "Matskevich",
            "ignore_vulnerability_alerts_during_read": null,
            "is_template": false,
            "license_template": null,
            "merge_commit_message": "PR_TITLE",
            "merge_commit_title": "MERGE_MESSAGE",
            "name": "Matskevich",
            "node_id": "R_kgDOLRzoiw",
            "pages": [],
            "primary_language": "",
            "private": false,
            "repo_id": 756869259,
            "security_and_analysis": [
              {
                "advanced_security": [],
                "secret_scanning": [
                  {
                    "status": "disabled"
                  }
                ],
                "secret_scanning_push_protection": [
                  {
                    "status": "disabled"
                  }
                ]
              }
            ],
            "squash_merge_commit_message": "COMMIT_MESSAGES",
            "squash_merge_commit_title": "COMMIT_OR_PR_TITLE",
            "ssh_clone_url": "git@github.com:ErnestMatskevich/Matskevich.git",
            "svn_url": "https://github.com/ErnestMatskevich/Matskevich",
            "template": [],
            "topics": [],
            "visibility": "public",
            "vulnerability_alerts": false,
            "web_commit_signoff_required": false
          },
          "sensitive_attributes": [],
          "private": "eyJzY2hlbWFfdmVyc2lvbiI6IjEifQ=="
        }
      ]
    }
  ],
  "check_results": null
}
