{
  "version": 4,
  "terraform_version": "1.8.0",
  "serial": 31,
  "lineage": "d38863c2-da7d-4292-0501-10992fe9d1db",
  "outputs": {
    "instance_id": {
      "value": "2600843",
      "type": "string"
    },
    "instance_public_ip": {
      "value": "185.104.113.100",
      "type": "string"
    }
  },
  "resources": [
    {
      "mode": "data",
      "type": "twc_configurator",
      "name": "configurator",
      "provider": "provider[\"tf.timeweb.cloud/timeweb-cloud/timeweb-cloud\"]",
      "instances": [
        {
          "schema_version": 0,
          "attributes": {
            "cpu_frequency": "3.3",
            "disk_type": "nvme",
            "id": "11",
            "location": "ru-1",
            "requirements": [
              {
                "cpu_max": 104,
                "cpu_min": 1,
                "cpu_step": 1,
                "disk_max": 2048000,
                "disk_min": 10240,
                "disk_step": 5120,
                "network_bandwidth_max": 1000,
                "network_bandwidth_min": 200,
                "network_bandwidth_step": 100,
                "ram_max": 747520,
                "ram_min": 1024,
                "ram_step": 1024
              }
            ]
          },
          "sensitive_attributes": []
        }
      ]
    },
    {
      "mode": "data",
      "type": "twc_os",
      "name": "os",
      "provider": "provider[\"tf.timeweb.cloud/timeweb-cloud/timeweb-cloud\"]",
      "instances": [
        {
          "schema_version": 0,
          "attributes": {
            "description": "",
            "family": "linux",
            "id": "61",
            "name": "ubuntu",
            "requirements": [
              {
                "bandwidth_min": 0,
                "cpu_min": 0,
                "disk_min": 0,
                "ram_min": 0
              }
            ],
            "version": "20.04",
            "version_codename": "focal"
          },
          "sensitive_attributes": []
        }
      ]
    },
    {
      "mode": "managed",
      "type": "twc_server",
      "name": "my-timeweb-server",
      "provider": "provider[\"tf.timeweb.cloud/timeweb-cloud/timeweb-cloud\"]",
      "instances": [
        {
          "schema_version": 0,
          "attributes": {
            "availability_zone": "spb-2",
            "avatar_id": "",
            "bandwidth": null,
            "boot_mode": "std",
            "cloud_init": null,
            "comment": "",
            "configuration": [
              {
                "configurator_id": 11,
                "cpu": 1,
                "disk": 15360,
                "ram": 1024
              }
            ],
            "configurator_id": 11,
            "cpu": 1,
            "cpu_frequency": "3.3",
            "disks": [
              {
                "id": 16775247,
                "is_mounted": true,
                "is_system": true,
                "size": 15360,
                "status": "done",
                "system_name": "vda",
                "type": "nvme",
                "used": 0
              }
            ],
            "id": "2600843",
            "image_id": null,
            "is_ddos_guard": false,
            "local_network": [],
            "location": "ru-1",
            "main_ipv4": "185.104.113.100",
            "name": "ExampleTimewebServer",
            "networks": [
              {
                "bandwidth": 200,
                "ips": [
                  {
                    "ip": "2a03:6f00:5:1::e90",
                    "is_main": true,
                    "ptr": "",
                    "type": "ipv6"
                  },
                  {
                    "ip": "185.104.113.100",
                    "is_main": true,
                    "ptr": "",
                    "type": "ipv4"
                  }
                ],
                "is_ddos_guard": false,
                "nat_mode": "",
                "type": "public"
              }
            ],
            "os": [
              {
                "id": 61,
                "name": "ubuntu",
                "version": "20.04"
              }
            ],
            "os_id": 61,
            "preset_id": 0,
            "project_id": 420513,
            "ram": 1024,
            "software": [],
            "software_id": null,
            "source_server_id": null,
            "ssh_keys_ids": [
              159307
            ],
            "start_at": "",
            "status": "installing",
            "vnc_pass": ""
          },
          "sensitive_attributes": [
            [
              {
                "type": "get_attr",
                "value": "vnc_pass"
              }
            ]
          ],
          "private": "bnVsbA==",
          "dependencies": [
            "data.twc_configurator.configurator",
            "data.twc_os.os",
            "twc_ssh_key.timeweb-ssh-key"
          ]
        }
      ]
    },
    {
      "mode": "managed",
      "type": "twc_ssh_key",
      "name": "timeweb-ssh-key",
      "provider": "provider[\"tf.timeweb.cloud/timeweb-cloud/timeweb-cloud\"]",
      "instances": [
        {
          "schema_version": 0,
          "attributes": {
            "body": "ssh-rsa AAAAB3NzaC1yc2EAAAADAQABAAABgQC+iati7ZJr38w33iJGv2wlnVCnZeDgPjQKWd2oSrJoM+wtdXN8Uq8325xguz9zaNxysS+2veMYosaI3vxxj6DEMpwmNkqQoyTCfZr6BvkJeuiR4+mqfovbLddXnwTedrhFYvD0yA32WY1sGpwxz6mk7MRnXl/kgfqnEr09iZQ7bmPlB3EHFuF9ZeMQHK7W9fpYGKlxcrKzYcNrlrt98fusREHv/L1psmjk5zTFIsBaZ+Xal6yV5wjhAEdolXlutrBUzzT9OHYqy/uveoRslEDbkzvthdZt2JHh10qQ2UHRlP6p0PbvlQ4xk/hhFJJDAaWP31T9wz0ioDJsOWbzMLSf8S6SCeim4DVQ7EKe6+Fuiylz/cAtO4g3Ggcj6bcm6s7tNSormmb0mX6UOo+U5v7+nyPG+/09qTHUTD20liU27ybl7Vcn7wAkyhZjSB2TKEIDlcglLm68RXjeFsgluq1KYEJYd3SWOmlFViaG0ZDTxsLQp0bsHAt9n3HOYhf/TCU= kamil@almet\n",
            "created_at": "2024-02-28T00:08:17.000Z",
            "id": "159307",
            "is_default": null,
            "name": "TimeWeb SSH key",
            "used_by": []
          },
          "sensitive_attributes": [],
          "private": "bnVsbA=="
        }
      ]
    }
  ],
  "check_results": null
}
