{
  "version": 4,
  "terraform_version": "1.7.3",
  "serial": 36,
  "lineage": "354ab56d-74d4-dd1b-73cf-3f92ed1b8093",
  "outputs": {},
  "resources": [
    {
      "mode": "data",
      "type": "template_file",
      "name": "default",
      "provider": "provider[\"registry.terraform.io/hashicorp/template\"]",
      "instances": [
        {
          "schema_version": 0,
          "attributes": {
            "filename": null,
            "id": "15dfa216f2841afebc169c5ec07cee08743a0edde1461fc2f37d35c864f59e8e",
            "rendered": "#ps1\r\n# ^^^ 'ps1' is only for cloudbase-init, some sort of sha-bang in linux\r\n\r\n# logging\r\nStart-Transcript -Path \"$ENV:SystemDrive\\provision.txt\" -IncludeInvocationHeader -Force\r\n\"Bootstrap script started\" | Write-Host\r\n\r\n# inserting value's from terraform\r\n$MyUserName = \"\u003cmy_user\u003e\"\r\n$MyPlainTextPassword = \"\u003cmy_password\u003e\"\r\nif (-not [string]::IsNullOrEmpty($MyUserName) -and -not [string]::IsNullOrEmpty($MyPlainTextPassword)) {\r\n    \"Create user\" | Write-Host\r\n    $MyPassword = $MyPlainTextPassword | ConvertTo-SecureString -AsPlainText -Force\r\n    $MyUser = New-LocalUser -Name $MyUserName -Password $MyPassword -PasswordNeverExpires -AccountNeverExpires\r\n    $MyUser | Add-LocalGroupMember -Group 'Administrators'\r\n    $MyUser | Add-LocalGroupMember -Group 'Remote Management Users'\r\n}\r\n\r\n# inserting value's from terraform\r\n$MyAdministratorPlainTextPassword = \"\u003cmy_password\u003e\"\r\nif (-not [string]::IsNullOrEmpty($MyAdministratorPlainTextPassword)) {\r\n    \"Set local administrator password\" | Write-Host\r\n    $MyAdministratorPassword = $MyAdministratorPlainTextPassword | ConvertTo-SecureString -AsPlainText -Force\r\n    # S-1-5-21domain-500 is a well-known SID for Administrator\r\n    # https://docs.microsoft.com/en-us/troubleshoot/windows-server/identity/security-identifiers-in-windows\r\n    $MyAdministrator = Get-LocalUser | Where-Object -Property \"SID\" -like \"S-1-5-21-*-500\"\r\n    $MyAdministrator | Set-LocalUser -Password $MyAdministratorPassword\r\n}\r\n\r\n\"Bootstrap script ended\" | Write-Host\r\n",
            "template": "#ps1\r\n# ^^^ 'ps1' is only for cloudbase-init, some sort of sha-bang in linux\r\n\r\n# logging\r\nStart-Transcript -Path \"$ENV:SystemDrive\\provision.txt\" -IncludeInvocationHeader -Force\r\n\"Bootstrap script started\" | Write-Host\r\n\r\n# inserting value's from terraform\r\n$MyUserName = \"${ user_name }\"\r\n$MyPlainTextPassword = \"${ user_pass }\"\r\nif (-not [string]::IsNullOrEmpty($MyUserName) -and -not [string]::IsNullOrEmpty($MyPlainTextPassword)) {\r\n    \"Create user\" | Write-Host\r\n    $MyPassword = $MyPlainTextPassword | ConvertTo-SecureString -AsPlainText -Force\r\n    $MyUser = New-LocalUser -Name $MyUserName -Password $MyPassword -PasswordNeverExpires -AccountNeverExpires\r\n    $MyUser | Add-LocalGroupMember -Group 'Administrators'\r\n    $MyUser | Add-LocalGroupMember -Group 'Remote Management Users'\r\n}\r\n\r\n# inserting value's from terraform\r\n$MyAdministratorPlainTextPassword = \"${ admin_pass }\"\r\nif (-not [string]::IsNullOrEmpty($MyAdministratorPlainTextPassword)) {\r\n    \"Set local administrator password\" | Write-Host\r\n    $MyAdministratorPassword = $MyAdministratorPlainTextPassword | ConvertTo-SecureString -AsPlainText -Force\r\n    # S-1-5-21domain-500 is a well-known SID for Administrator\r\n    # https://docs.microsoft.com/en-us/troubleshoot/windows-server/identity/security-identifiers-in-windows\r\n    $MyAdministrator = Get-LocalUser | Where-Object -Property \"SID\" -like \"S-1-5-21-*-500\"\r\n    $MyAdministrator | Set-LocalUser -Password $MyAdministratorPassword\r\n}\r\n\r\n\"Bootstrap script ended\" | Write-Host\r\n",
            "vars": {
              "admin_pass": "\u003cmy_password\u003e",
              "user_name": "\u003cmy_user\u003e",
              "user_pass": "\u003cmy_password\u003e"
            }
          },
          "sensitive_attributes": []
        }
      ]
    },
    {
      "mode": "managed",
      "type": "yandex_compute_disk",
      "name": "boot-disk",
      "provider": "provider[\"registry.terraform.io/yandex-cloud/yandex\"]",
      "instances": [
        {
          "schema_version": 0,
          "attributes": {
            "allow_recreate": null,
            "block_size": 4096,
            "created_at": "2024-02-17T16:56:56Z",
            "description": "",
            "disk_placement_policy": [
              {
                "disk_placement_group_id": ""
              }
            ],
            "folder_id": "b1gvup3s47j516kd9hdh",
            "id": "fhmkfs1kqudikffl9c9l",
            "image_id": "fd8e45s8vcr3o721knra",
            "labels": null,
            "name": "boot-disk",
            "product_ids": [
              "f2eae193cai3l63vqr5g"
            ],
            "size": 50,
            "snapshot_id": "",
            "status": "ready",
            "timeouts": null,
            "type": "network-ssd",
            "zone": "ru-central1-a"
          },
          "sensitive_attributes": [],
          "private": "eyJlMmJmYjczMC1lY2FhLTExZTYtOGY4OC0zNDM2M2JjN2M0YzAiOnsiY3JlYXRlIjozMDAwMDAwMDAwMDAsImRlbGV0ZSI6MzAwMDAwMDAwMDAwLCJ1cGRhdGUiOjMwMDAwMDAwMDAwMH19",
          "dependencies": [
            "yandex_compute_image.default"
          ]
        }
      ]
    },
    {
      "mode": "managed",
      "type": "yandex_compute_image",
      "name": "default",
      "provider": "provider[\"registry.terraform.io/yandex-cloud/yandex\"]",
      "instances": [
        {
          "schema_version": 0,
          "attributes": {
            "created_at": "2024-02-17T16:48:06Z",
            "description": "",
            "family": "",
            "folder_id": "b1gvup3s47j516kd9hdh",
            "id": "fd8e45s8vcr3o721knra",
            "labels": {},
            "min_disk_size": 3,
            "name": "",
            "os_type": null,
            "pooled": false,
            "product_ids": [
              "f2eae193cai3l63vqr5g"
            ],
            "size": 2,
            "source_disk": null,
            "source_family": "ubuntu-1804-lts",
            "source_image": null,
            "source_snapshot": null,
            "source_url": null,
            "status": "ready",
            "timeouts": null
          },
          "sensitive_attributes": [],
          "private": "eyJlMmJmYjczMC1lY2FhLTExZTYtOGY4OC0zNDM2M2JjN2M0YzAiOnsiY3JlYXRlIjozMDAwMDAwMDAwMDAsImRlbGV0ZSI6MzAwMDAwMDAwMDAwLCJ1cGRhdGUiOjMwMDAwMDAwMDAwMH19"
        }
      ]
    },
    {
      "mode": "managed",
      "type": "yandex_vpc_network",
      "name": "default",
      "provider": "provider[\"registry.terraform.io/yandex-cloud/yandex\"]",
      "instances": [
        {
          "schema_version": 0,
          "attributes": {
            "created_at": "2024-02-17T16:34:42Z",
            "default_security_group_id": "enpvi40nsqqhff5vo64i",
            "description": "",
            "folder_id": "b1gvup3s47j516kd9hdh",
            "id": "enp92934a8qroap2997p",
            "labels": {},
            "name": "ya-network",
            "subnet_ids": [
              "e9b3e6fghiqgul7gc2us"
            ],
            "timeouts": null
          },
          "sensitive_attributes": [],
          "private": "eyJlMmJmYjczMC1lY2FhLTExZTYtOGY4OC0zNDM2M2JjN2M0YzAiOnsiY3JlYXRlIjo2MDAwMDAwMDAwMCwiZGVsZXRlIjo2MDAwMDAwMDAwMCwidXBkYXRlIjo2MDAwMDAwMDAwMH19"
        }
      ]
    },
    {
      "mode": "managed",
      "type": "yandex_vpc_subnet",
      "name": "default",
      "provider": "provider[\"registry.terraform.io/yandex-cloud/yandex\"]",
      "instances": [
        {
          "schema_version": 0,
          "attributes": {
            "created_at": "2024-02-17T16:43:34Z",
            "description": "",
            "dhcp_options": [],
            "folder_id": "b1gvup3s47j516kd9hdh",
            "id": "e9b3e6fghiqgul7gc2us",
            "labels": {},
            "name": "ya-network",
            "network_id": "enp92934a8qroap2997p",
            "route_table_id": "",
            "timeouts": null,
            "v4_cidr_blocks": [
              "192.168.10.0/24"
            ],
            "v6_cidr_blocks": [],
            "zone": "ru-central1-a"
          },
          "sensitive_attributes": [],
          "private": "eyJlMmJmYjczMC1lY2FhLTExZTYtOGY4OC0zNDM2M2JjN2M0YzAiOnsiY3JlYXRlIjoxODAwMDAwMDAwMDAsImRlbGV0ZSI6MTgwMDAwMDAwMDAwLCJ1cGRhdGUiOjE4MDAwMDAwMDAwMH19",
          "dependencies": [
            "yandex_vpc_network.default"
          ]
        }
      ]
    }
  ],
  "check_results": null
}
