{
  "version": 4,
  "terraform_version": "1.5.7",
  "serial": 26,
  "lineage": "622f3e20-6e37-3c4c-7901-bdcaced3e9e1",
  "outputs": {
    "external_ip_address_vm_1": {
      "value": "84.201.157.197",
      "type": "string"
    },
    "internal_ip_address_vm_1": {
      "value": "192.168.10.19",
      "type": "string"
    }
  },
  "resources": [
    {
      "mode": "managed",
      "type": "yandex_compute_disk",
      "name": "boot-disk-1",
      "provider": "provider[\"registry.terraform.io/yandex-cloud/yandex\"]",
      "instances": [
        {
          "schema_version": 0,
          "attributes": {
            "allow_recreate": null,
            "block_size": 4096,
            "created_at": "2024-02-27T22:53:04Z",
            "description": "",
            "disk_placement_policy": [
              {
                "disk_placement_group_id": ""
              }
            ],
            "folder_id": "b1g6qfkvsrgagj4d6gbh",
            "id": "fhms767fs48jauh22nv0",
            "image_id": "fd83s8u085j3mq231ago",
            "labels": {},
            "name": "boot-disk-1",
            "product_ids": [
              "f2eth1eavhqoh47mqj08"
            ],
            "size": 20,
            "snapshot_id": "",
            "status": "ready",
            "timeouts": null,
            "type": "network-hdd",
            "zone": "ru-central1-a"
          },
          "sensitive_attributes": [],
          "private": "eyJlMmJmYjczMC1lY2FhLTExZTYtOGY4OC0zNDM2M2JjN2M0YzAiOnsiY3JlYXRlIjozMDAwMDAwMDAwMDAsImRlbGV0ZSI6MzAwMDAwMDAwMDAwLCJ1cGRhdGUiOjMwMDAwMDAwMDAwMH19"
        }
      ]
    },
    {
      "mode": "managed",
      "type": "yandex_compute_instance",
      "name": "vm-1",
      "provider": "provider[\"registry.terraform.io/yandex-cloud/yandex\"]",
      "instances": [
        {
          "schema_version": 1,
          "attributes": {
            "allow_recreate": null,
            "allow_stopping_for_update": null,
            "boot_disk": [
              {
                "auto_delete": true,
                "device_name": "fhms767fs48jauh22nv0",
                "disk_id": "fhms767fs48jauh22nv0",
                "initialize_params": [
                  {
                    "block_size": 4096,
                    "description": "",
                    "image_id": "fd83s8u085j3mq231ago",
                    "name": "boot-disk-1",
                    "size": 20,
                    "snapshot_id": "",
                    "type": "network-hdd"
                  }
                ],
                "mode": "READ_WRITE"
              }
            ],
            "created_at": "2024-02-27T22:56:06Z",
            "description": "",
            "filesystem": [],
            "folder_id": "b1g6qfkvsrgagj4d6gbh",
            "fqdn": "fhmkon8n19kgbk9vclk3.auto.internal",
            "gpu_cluster_id": "",
            "hostname": "",
            "id": "fhmkon8n19kgbk9vclk3",
            "labels": null,
            "local_disk": [],
            "maintenance_grace_period": "",
            "maintenance_policy": null,
            "metadata": {
              "user-data": "#cloud-config\nusers:\n  - name: terraform1\n    groups: sudo\n    shell: /bin/bash\n    sudo: 'ALL=(ALL) NOPASSWD:ALL'\n    ssh-authorized-keys:\n      - AAAAC3NzaC1lZDI1NTE5AAAAIESp5TNw8aUqbpgklplQaMObIllign9ral72LzWc+Rcy evgenygerasimov@Evgenys-MacBook-Air.local\n      - MIIBIjANBgkqhkiG9w0BAQEFAAOCAQ8AMIIBCgKCAQEA48usCQ4PQBj0SQfy7E21\\ncPXCM+L1DGeHL09ctlJ7ANnM1IQmDTjXuswymvRfaG1x8VfjD8jiC4kenQmFR1tH\\nOn9y76sJovRM+DOvGuWzL2jkFx7Yo6qfDbNmhPF88M9Qhnz8YTCwPHRJiefjdYYN\\nL2sGoDm7hMHPIaIyHfkPZl0BZm/gMOLTej5ZN/QS6X//4TFpfkEHm4h7HOs3nVli\\nSC6GPKiKKxTqzNwC2aJr7H7Xi9jfZWcD83iEOPR+aFx+6StxtHySbOea26tybDQl\\nH+IkYg84vebEQkO5WkTDs0CpDEHdWNjDNIQbD9h3U8iBwJF4rz+rJmahAU91o7+z\\n0wIDAQAB\\n\n      - MIIEvQIBADANBgkqhkiG9w0BAQEFAASCBKcwggSjAgEAAoIBAQDjy6wJDg9AGPRJ\\nB/LsTbVw9cIz4vUMZ4cvT1y2UnsA2czUhCYNONe6zDKa9F9obXHxV+MPyOILiR6d\\nCYVHW0c6f3Lvqwmi9Ez4M68a5bMvaOQXHtijqp8Ns2aE8Xzwz1CGfPxhMLA8dEmJ\\n5+N1hg0vawagObuEwc8hojId+Q9mXQFmb+Aw4tN6Plk39BLpf//hMWl+QQebiHsc\\n6zedWWJILoY8qIorFOrM3ALZomvsfteL2N9lZwPzeIQ49H5oXH7pK3G0fJJs55rb\\nq3JsNCUf4iRiDzi95sRCQ7laRMOzQKkMQd1Y2MM0hBsP2HdTyIHAkXivP6smZqEB\\nT3Wjv7PTAgMBAAECggEAHt3751Q049Id1AGUPMoA4pgioyZHX1FuA46k+P2vNjvN\\nIiTwBQ2lSeYem1muzfc6n+HxXjOx0a9Yax4dpcAsJDSd7fUGvsKM5XsXaLUkdTGo\\n6qse3vqhR9l99FjGvdjRyA+KoV7YGrEFP/8gls293qWJhc+c5c3fU+bnFKGpoQyK\\nyD+59m++eT/id8nv0WDVB5T50mGuSdAxgm/oHFMtWoHBPBW1NmFf6pXTp3eYV18I\\nuhO+lRN7D0zrcWV3qvaZwCQgkcKrI3Ratyy9vUZur/E9t4/wPeDwQLfxOMWrGi+l\\nXlyAGikRJiegmqEM/DTJKABGIbnQbYcOvHSa9qyYmQKBgQDqCkft3NDm3TtnVJS8\\n7VLQcSDScg/6djUXurSp20umjiSppCe2gGAgBVS9EkxgZHBI72uKO0ULhr2H5Cr9\\nmXiD6TS/R1imrTvklHM6C3y/HmxA+HomA9+rAsq+MeO2mnEApT1AKBgqAYu61wov\\nYlrt4IwTnuET1VE9ddnqW6KsOQKBgQD5K2UCzGc6AAl7fWYfIdluNiLpmTMmnWQ+\\nKflAVfyPwooXsjRPk/k0dgqS1ve6WuNisIjuHMxdNgCnbQw8fVwGc6LnlkFmTdUS\\n/FPpRoWdbfuKg9bkLQ64ObdHRRC6TzNxDdDmKXCUYOmuUmKuIMw4qFQ0XEI4foQB\\ncgYSVD94awKBgQC4t0aQEMD8BU4WPuZpunGrPC5oikfcKSG8Scq/aOprWTLMhVgm\\nrWmwvCRmWaPYTE1m8zgQULks4LqEH2xi3ZcFnbDY6ymn24Ay54uOG3Tors1H9hUK\\nHfKRWVHFDUEpZPmdRc1y7nIr7S5oV8KdJWaY6qoD7li8u5c0B+jnFE3u2QKBgAgT\\nS/bHQSE0FxqVedXQdweHYaJIgMvjlfgdzCI1pzXRjEAwWlmp5g25NaaEqQq1H2F3\\nbzioXkc3FNZYRmk/dtgOr1zqFbyHETzISL/qtTHg+qIGm9RRUYTO+g2pQ12Ga5hi\\nZj7PYQKuEWTA7snN7lB3xCLeSpciIo0ZcPDvIg95AoGAIhd4P2RgzniUk/dcisPr\\nD2CMPgliogKNuha8FUMbPbC8C6vxl5WvQ/WYv/n6McIvnWFSnlLeFeCi80Zl4GgB\\n8NcPzxXcGZ/emQ1CI66vOkMCRqu06PEmo+5N/n0Er/Ly9udIxR0+QTV9Z+Bgugm+\\nh81HivgLPbcrpgSUWv13xx4=\\n\n\n"
            },
            "metadata_options": [
              {
                "aws_v1_http_endpoint": 1,
                "aws_v1_http_token": 2,
                "gce_http_endpoint": 1,
                "gce_http_token": 1
              }
            ],
            "name": "terraform1",
            "network_acceleration_type": "standard",
            "network_interface": [
              {
                "dns_record": [],
                "index": 0,
                "ip_address": "192.168.10.19",
                "ipv4": true,
                "ipv6": false,
                "ipv6_address": "",
                "ipv6_dns_record": [],
                "mac_address": "d0:0d:14:c5:d1:70",
                "nat": true,
                "nat_dns_record": [],
                "nat_ip_address": "84.201.157.197",
                "nat_ip_version": "IPV4",
                "security_group_ids": [],
                "subnet_id": "e9bo1pob031lbi04r870"
              }
            ],
            "placement_policy": [
              {
                "host_affinity_rules": [],
                "placement_group_id": "",
                "placement_group_partition": 0
              }
            ],
            "platform_id": "standard-v1",
            "resources": [
              {
                "core_fraction": 100,
                "cores": 2,
                "gpus": 0,
                "memory": 2
              }
            ],
            "scheduling_policy": [
              {
                "preemptible": false
              }
            ],
            "secondary_disk": [],
            "service_account_id": "",
            "status": "running",
            "timeouts": null,
            "zone": "ru-central1-a"
          },
          "sensitive_attributes": [],
          "private": "eyJlMmJmYjczMC1lY2FhLTExZTYtOGY4OC0zNDM2M2JjN2M0YzAiOnsiY3JlYXRlIjozMDAwMDAwMDAwMDAsImRlbGV0ZSI6MzAwMDAwMDAwMDAwLCJ1cGRhdGUiOjMwMDAwMDAwMDAwMH0sInNjaGVtYV92ZXJzaW9uIjoiMSJ9",
          "dependencies": [
            "yandex_compute_disk.boot-disk-1",
            "yandex_vpc_subnet.subnet-1"
          ]
        }
      ]
    },
    {
      "mode": "managed",
      "type": "yandex_vpc_network",
      "name": "network-1",
      "provider": "provider[\"registry.terraform.io/yandex-cloud/yandex\"]",
      "instances": [
        {
          "schema_version": 0,
          "attributes": {
            "created_at": "2024-02-27T22:54:18Z",
            "default_security_group_id": "enp5dglep1i03mf3hgu1",
            "description": "",
            "folder_id": "b1g6qfkvsrgagj4d6gbh",
            "id": "enpu90talbavktq71r29",
            "labels": {},
            "name": "network1",
            "subnet_ids": [
              "e9bo1pob031lbi04r870"
            ],
            "timeouts": null
          },
          "sensitive_attributes": [],
          "private": "eyJlMmJmYjczMC1lY2FhLTExZTYtOGY4OC0zNDM2M2JjN2M0YzAiOnsiY3JlYXRlIjo2MDAwMDAwMDAwMCwiZGVsZXRlIjo2MDAwMDAwMDAwMCwidXBkYXRlIjo2MDAwMDAwMDAwMH19"
        }
      ]
    },
    {
      "mode": "managed",
      "type": "yandex_vpc_subnet",
      "name": "subnet-1",
      "provider": "provider[\"registry.terraform.io/yandex-cloud/yandex\"]",
      "instances": [
        {
          "schema_version": 0,
          "attributes": {
            "created_at": "2024-02-27T22:54:54Z",
            "description": "",
            "dhcp_options": [],
            "folder_id": "b1g6qfkvsrgagj4d6gbh",
            "id": "e9bo1pob031lbi04r870",
            "labels": {},
            "name": "subnet-1",
            "network_id": "enpu90talbavktq71r29",
            "route_table_id": "",
            "timeouts": null,
            "v4_cidr_blocks": [
              "192.168.10.0/24"
            ],
            "v6_cidr_blocks": [],
            "zone": "ru-central1-a"
          },
          "sensitive_attributes": [],
          "private": "eyJlMmJmYjczMC1lY2FhLTExZTYtOGY4OC0zNDM2M2JjN2M0YzAiOnsiY3JlYXRlIjoxODAwMDAwMDAwMDAsImRlbGV0ZSI6MTgwMDAwMDAwMDAwLCJ1cGRhdGUiOjE4MDAwMDAwMDAwMH19",
          "dependencies": [
            "yandex_vpc_network.network-1"
          ]
        }
      ]
    }
  ],
  "check_results": null
}
