{
  "version": 4,
  "terraform_version": "1.5.7",
  "serial": 8,
  "lineage": "8c09b3ad-f63d-2fca-2499-eea153a8e812",
  "outputs": {},
  "resources": [
    {
      "mode": "managed",
      "type": "yandex_vpc_network",
      "name": "network-1",
      "provider": "provider[\"registry.terraform.io/yandex-cloud/yandex\"]",
      "instances": [
        {
          "schema_version": 0,
          "attributes": {
            "created_at": "2024-02-25T19:42:32Z",
            "default_security_group_id": "enpppevkn6pv92v7al16",
            "description": "",
            "folder_id": "b1gj9vkvaatrvs9cbdt7",
            "id": "enpg5upv76s1r9moh4e9",
            "labels": {},
            "name": "network1",
            "subnet_ids": [
              "e9bli0tupnivfqjq6g7q"
            ],
            "timeouts": null
          },
          "sensitive_attributes": [],
          "private": "eyJlMmJmYjczMC1lY2FhLTExZTYtOGY4OC0zNDM2M2JjN2M0YzAiOnsiY3JlYXRlIjo2MDAwMDAwMDAwMCwiZGVsZXRlIjo2MDAwMDAwMDAwMCwidXBkYXRlIjo2MDAwMDAwMDAwMH19"
        }
      ]
    },
    {
      "mode": "managed",
      "type": "yandex_vpc_subnet",
      "name": "subnet-1",
      "provider": "provider[\"registry.terraform.io/yandex-cloud/yandex\"]",
      "instances": [
        {
          "schema_version": 0,
          "attributes": {
            "created_at": "2024-02-25T19:42:35Z",
            "description": "",
            "dhcp_options": [],
            "folder_id": "b1gj9vkvaatrvs9cbdt7",
            "id": "e9bli0tupnivfqjq6g7q",
            "labels": {},
            "name": "subnet1",
            "network_id": "enpg5upv76s1r9moh4e9",
            "route_table_id": "",
            "timeouts": null,
            "v4_cidr_blocks": [
              "192.168.10.0/24"
            ],
            "v6_cidr_blocks": [],
            "zone": "ru-central1-a"
          },
          "sensitive_attributes": [],
          "private": "eyJlMmJmYjczMC1lY2FhLTExZTYtOGY4OC0zNDM2M2JjN2M0YzAiOnsiY3JlYXRlIjoxODAwMDAwMDAwMDAsImRlbGV0ZSI6MTgwMDAwMDAwMDAwLCJ1cGRhdGUiOjE4MDAwMDAwMDAwMH19",
          "dependencies": [
            "yandex_vpc_network.network-1"
          ]
        }
      ]
    }
  ],
  "check_results": null
}
